version = 1
revision = 3
requires-python = ">=3.13"

[[package]]
name = "admin-boundaries"
version = "0.1.0"
source = { virtual = "." }
dependencies = [
    { name = "duckdb" },
    { name = "httpx", extra = ["http2"] },
    { name = "psutil" },
]

[package.dev-dependencies]
dev = [
    { name = "obstore" },
    { name = "python-dotenv" },
    { name = "ruff" },
]

[package.metadata]
requires-dist = [
    { name = "duckdb" },
    { name = "httpx", extras = ["http2"] },
    { name = "psutil" },
]

[package.metadata.requires-dev]
dev = [
    { name = "obstore" },
    { name = "python-dotenv" },
    { name = "ruff" },
]

[[package]]
name = "anyio"
version = "4.13.0"
source = { registry = "https://pypi.org/simple" }
dependencies = [
    { name = "idna" },
]
sdist = { url = "https://files.pythonhosted.org/packages/19/14/2c5dd9f512b66549ae92767a9c7b330ae88e1932ca57876909410251fe13/anyio-4.13.0.tar.gz", hash = "sha256:334b70e641fd2221c1505b3890c69882fe4a2df910cba14d97019b90b24439dc", size = 231622, upload-time = "2026-03-24T12:59:09.671Z" }
wheels = [
    { url = "https://files.pythonhosted.org/packages/da/42/e921fccf5015463e32a3cf6ee7f980a6ed0f395ceeaa45060b61d86486c2/anyio-4.13.0-py3-none-any.whl", hash = "sha256:08b310f9e24a9594186fd75b4f73f4a4152069e3853f1ed8bfbf58369f4ad708", size = 114353, upload-time = "2026-03-24T12:59:08.246Z" },
]

[[package]]
name = "certifi"
version = "2026.5.20"
source = { registry = "https://pypi.org/simple" }
sdist = { url = "https://files.pythonhosted.org/packages/f3/ce/ee2ecad540810a79593028e88299baeae54d346cc7a0d94b6199988b89b1/certifi-2026.5.20.tar.gz", hash = "sha256:69dea482ab64caa7b9f6aba1c6bf48bb6a5448d1c0f1b17ab42ad8c763a5344d", size = 135422, upload-time = "2026-05-20T11:46:50.073Z" }
wheels = [
    { url = "https://files.pythonhosted.org/packages/59/8c/57e832b7af6d7c5abe66eb3fbe3a3a32f4d11ea23a1aa7131371035be991/certifi-2026.5.20-py3-none-any.whl", hash = "sha256:3c52e209ba0a4ad7aebe60436a4ab349c39e1e602e8c134221e546902ad25897", size = 134134, upload-time = "2026-05-20T11:46:48.578Z" },
]

[[package]]
name = "duckdb"
version = "1.5.3"
source = { registry = "https://pypi.org/simple" }
sdist = { url = "https://files.pythonhosted.org/packages/69/00/d579dcb2a536b6ea3a2563cdad6844f77d81a9b2d4b22a858097f2468acf/duckdb-1.5.3.tar.gz", hash = "sha256:df39428eb130faa35ae96fd35245bdeae6ecf43936250b116b5fead568eb9f16", size = 18026640, upload-time = "2026-05-20T11:55:31.901Z" }
wheels = [
    { url = "https://files.pythonhosted.org/packages/cc/9c/a528eb09d8be51954c485864bd06753e616939a080cbc3dd4417e8c94a57/duckdb-1.5.3-cp313-cp313-macosx_10_13_universal2.whl", hash = "sha256:e75a6122c12579a99848517f6f00a4e342aebda3590c30fe9b5cc5f39d5e6afc", size = 32626254, upload-time = "2026-05-20T11:54:53.65Z" },
    { url = "https://files.pythonhosted.org/packages/ec/3c/1534c0a6db347c05eb7d0f6ecfb7aefbe74cbff398e4892a8fd1903a20e8/duckdb-1.5.3-cp313-cp313-macosx_10_13_x86_64.whl", hash = "sha256:fd3963c1cb9d9567777f4a898a9dbe388a2fe9724681801b1e7d6d93eecf1b76", size = 17300917, upload-time = "2026-05-20T11:54:56.628Z" },
    { url = "https://files.pythonhosted.org/packages/23/fa/beafb91e6e152d2161c4a9cbc472334c87607eb61ad7104b5a7fa8d8d7b1/duckdb-1.5.3-cp313-cp313-macosx_11_0_arm64.whl", hash = "sha256:3d5db8c0b55e072cf437948ebb5d7e23d7b9d03d905fa5f9145583e65aa447f7", size = 15449411, upload-time = "2026-05-20T11:54:59.089Z" },
    { url = "https://files.pythonhosted.org/packages/50/0a/49b6fe04e2fcd63729eb607dadd44818dde77342a4f5ce086c6c92f1dd4d/duckdb-1.5.3-cp313-cp313-manylinux_2_26_aarch64.manylinux_2_28_aarch64.whl", hash = "sha256:0ce80aed7a538422129a57eaca9141e3afb51f8bf562b1908b1576c9725b5b22", size = 19333120, upload-time = "2026-05-20T11:55:01.727Z" },
    { url = "https://files.pythonhosted.org/packages/63/4c/0907c3f76adb9dd90e67610b31e0304a35814e65c4c41a354a262c09b885/duckdb-1.5.3-cp313-cp313-manylinux_2_26_x86_64.manylinux_2_28_x86_64.whl", hash = "sha256:787df63824f07bf18022dbc3b8ca4b2bfab0ebe616464f55c6e8cd0f59ea762e", size = 21453266, upload-time = "2026-05-20T11:55:04.5Z" },
    { url = "https://files.pythonhosted.org/packages/6d/9c/d2f23a7803ddbbd9413f7572ecf66a15120ed5ced7ce5c73e698c1406b76/duckdb-1.5.3-cp313-cp313-win_amd64.whl", hash = "sha256:bb5bb5dcdd09d62ee60f0ddbbef918e71cce304ffe28428b1131949d39ffaabf", size = 13118640, upload-time = "2026-05-20T11:55:07.389Z" },
    { url = "https://files.pythonhosted.org/packages/27/d5/7ba2316415bcdab6edd765bbbe35c2ca8a3800f2fe695cd70e3cdb997f09/duckdb-1.5.3-cp313-cp313-win_arm64.whl", hash = "sha256:2fa17ecdd5d3db122836cb71bb93601c2106a3be883c17dffddc02fbf3fa7888", size = 13926409, upload-time = "2026-05-20T11:55:10.166Z" },
    { url = "https://files.pythonhosted.org/packages/a5/c2/d4b6f8a5e4d3bc25773be6da76a99d9661ebbf3552c007c460d2dd59dbf8/duckdb-1.5.3-cp314-cp314-macosx_10_15_universal2.whl", hash = "sha256:4bfa9a4dadf71e83e2c4eaca2f9421c82a54defecc1b0b4c0be95e2389dec4fe", size = 32636685, upload-time = "2026-05-20T11:55:13.158Z" },
    { url = "https://files.pythonhosted.org/packages/42/58/e835c8298979d29db7a62cb5acc29e9b57aeaca7cdde2fcd3ac980f5cb18/duckdb-1.5.3-cp314-cp314-macosx_10_15_x86_64.whl", hash = "sha256:aea7baf67ad7e1829ac76f67d7dcbd7fb1f57c3eb179d55ac30952df4709ae30", size = 17308134, upload-time = "2026-05-20T11:55:16.194Z" },
    { url = "https://files.pythonhosted.org/packages/c9/46/617b51363f5613418c8b224b3cce16b58e6dde80904566bec232579c1d4e/duckdb-1.5.3-cp314-cp314-macosx_11_0_arm64.whl", hash = "sha256:0b0b4f088a65d77e1217ce5d7eff889e63fedc44281200d899ff47c84d8ff836", size = 15449891, upload-time = "2026-05-20T11:55:18.687Z" },
    { url = "https://files.pythonhosted.org/packages/b3/72/354146656e8d9ba3853d3a5ee80a481b8c5f70edfc3d5ae80a8c4479c967/duckdb-1.5.3-cp314-cp314-manylinux_2_26_aarch64.manylinux_2_28_aarch64.whl", hash = "sha256:fe8d0c1f6a120aa03fa6e0d03897c71a1842e6cf7afd31d181348391f7108fe1", size = 19338499, upload-time = "2026-05-20T11:55:21.34Z" },
    { url = "https://files.pythonhosted.org/packages/56/8f/65fc623b51448f2bfba1a9ec6ab3debb4664c0876c0113a5e782600b53ac/duckdb-1.5.3-cp314-cp314-manylinux_2_26_x86_64.manylinux_2_28_x86_64.whl", hash = "sha256:d0405eae18ec6e8210a471c97dbfe87a7e4d605274b7fe572a1f276e92158f13", size = 21455828, upload-time = "2026-05-20T11:55:23.847Z" },
    { url = "https://files.pythonhosted.org/packages/2b/db/d0274cbe9f5fe219f77c0bdf900ac77103569e83c102a4225ce04cbc607d/duckdb-1.5.3-cp314-cp314-win_amd64.whl", hash = "sha256:33ae08b3e818d7613d8936744b67718c2062c2f530376895bfd89efb51b81538", size = 13640011, upload-time = "2026-05-20T11:55:26.276Z" },
    { url = "https://files.pythonhosted.org/packages/07/5d/8f1899b8bef291caf953992fcd6c24df9f29387a35645e58c2504a5ca473/duckdb-1.5.3-cp314-cp314-win_arm64.whl", hash = "sha256:746433e49bbc667b4df283153415fbe37e9083e0eff6c3cd6e54de7536869cd4", size = 14411554, upload-time = "2026-05-20T11:55:29.037Z" },
]

[[package]]
name = "h11"
version = "0.16.0"
source = { registry = "https://pypi.org/simple" }
sdist = { url = "https://files.pythonhosted.org/packages/01/ee/02a2c011bdab74c6fb3c75474d40b3052059d95df7e73351460c8588d963/h11-0.16.0.tar.gz", hash = "sha256:4e35b956cf45792e4caa5885e69fba00bdbc6ffafbfa020300e549b208ee5ff1", size = 101250, upload-time = "2025-04-24T03:35:25.427Z" }
wheels = [
    { url = "https://files.pythonhosted.org/packages/04/4b/29cac41a4d98d144bf5f6d33995617b185d14b22401f75ca86f384e87ff1/h11-0.16.0-py3-none-any.whl", hash = "sha256:63cf8bbe7522de3bf65932fda1d9c2772064ffb3dae62d55932da54b31cb6c86", size = 37515, upload-time = "2025-04-24T03:35:24.344Z" },
]

[[package]]
name = "h2"
version = "4.3.0"
source = { registry = "https://pypi.org/simple" }
dependencies = [
    { name = "hpack" },
    { name = "hyperframe" },
]
sdist = { url = "https://files.pythonhosted.org/packages/1d/17/afa56379f94ad0fe8defd37d6eb3f89a25404ffc71d4d848893d270325fc/h2-4.3.0.tar.gz", hash = "sha256:6c59efe4323fa18b47a632221a1888bd7fde6249819beda254aeca909f221bf1", size = 2152026, upload-time = "2025-08-23T18:12:19.778Z" }
wheels = [
    { url = "https://files.pythonhosted.org/packages/69/b2/119f6e6dcbd96f9069ce9a2665e0146588dc9f88f29549711853645e736a/h2-4.3.0-py3-none-any.whl", hash = "sha256:c438f029a25f7945c69e0ccf0fb951dc3f73a5f6412981daee861431b70e2bdd", size = 61779, upload-time = "2025-08-23T18:12:17.779Z" },
]

[[package]]
name = "hpack"
version = "4.1.0"
source = { registry = "https://pypi.org/simple" }
sdist = { url = "https://files.pythonhosted.org/packages/2c/48/71de9ed269fdae9c8057e5a4c0aa7402e8bb16f2c6e90b3aa53327b113f8/hpack-4.1.0.tar.gz", hash = "sha256:ec5eca154f7056aa06f196a557655c5b009b382873ac8d1e66e79e87535f1dca", size = 51276, upload-time = "2025-01-22T21:44:58.347Z" }
wheels = [
    { url = "https://files.pythonhosted.org/packages/07/c6/80c95b1b2b94682a72cbdbfb85b81ae2daffa4291fbfa1b1464502ede10d/hpack-4.1.0-py3-none-any.whl", hash = "sha256:157ac792668d995c657d93111f46b4535ed114f0c9c8d672271bbec7eae1b496", size = 34357, upload-time = "2025-01-22T21:44:56.92Z" },
]

[[package]]
name = "httpcore"
version = "1.0.9"
source = { registry = "https://pypi.org/simple" }
dependencies = [
    { name = "certifi" },
    { name = "h11" },
]
sdist = { url = "https://files.pythonhosted.org/packages/06/94/82699a10bca87a5556c9c59b5963f2d039dbd239f25bc2a63907a05a14cb/httpcore-1.0.9.tar.gz", hash = "sha256:6e34463af53fd2ab5d807f399a9b45ea31c3dfa2276f15a2c3f00afff6e176e8", size = 85484, upload-time = "2025-04-24T22:06:22.219Z" }
wheels = [
    { url = "https://files.pythonhosted.org/packages/7e/f5/f66802a942d491edb555dd61e3a9961140fd64c90bce1eafd741609d334d/httpcore-1.0.9-py3-none-any.whl", hash = "sha256:2d400746a40668fc9dec9810239072b40b4484b640a8c38fd654a024c7a1bf55", size = 78784, upload-time = "2025-04-24T22:06:20.566Z" },
]

[[package]]
name = "httpx"
version = "0.28.1"
source = { registry = "https://pypi.org/simple" }
dependencies = [
    { name = "anyio" },
    { name = "certifi" },
    { name = "httpcore" },
    { name = "idna" },
]
sdist = { url = "https://files.pythonhosted.org/packages/b1/df/48c586a5fe32a0f01324ee087459e112ebb7224f646c0b5023f5e79e9956/httpx-0.28.1.tar.gz", hash = "sha256:75e98c5f16b0f35b567856f597f06ff2270a374470a5c2392242528e3e3e42fc", size = 141406, upload-time = "2024-12-06T15:37:23.222Z" }
wheels = [
    { url = "https://files.pythonhosted.org/packages/2a/39/e50c7c3a983047577ee07d2a9e53faf5a69493943ec3f6a384bdc792deb2/httpx-0.28.1-py3-none-any.whl", hash = "sha256:d909fcccc110f8c7faf814ca82a9a4d816bc5a6dbfea25d6591d6985b8ba59ad", size = 73517, upload-time = "2024-12-06T15:37:21.509Z" },
]

[package.optional-dependencies]
http2 = [
    { name = "h2" },
]

[[package]]
name = "hyperframe"
version = "6.1.0"
source = { registry = "https://pypi.org/simple" }
sdist = { url = "https://files.pythonhosted.org/packages/02/e7/94f8232d4a74cc99514c13a9f995811485a6903d48e5d952771ef6322e30/hyperframe-6.1.0.tar.gz", hash = "sha256:f630908a00854a7adeabd6382b43923a4c4cd4b821fcb527e6ab9e15382a3b08", size = 26566, upload-time = "2025-01-22T21:41:49.302Z" }
wheels = [
    { url = "https://files.pythonhosted.org/packages/48/30/47d0bf6072f7252e6521f3447ccfa40b421b6824517f82854703d0f5a98b/hyperframe-6.1.0-py3-none-any.whl", hash = "sha256:b03380493a519fce58ea5af42e4a42317bf9bd425596f7a0835ffce80f1a42e5", size = 13007, upload-time = "2025-01-22T21:41:47.295Z" },
]

[[package]]
name = "idna"
version = "3.17"
source = { registry = "https://pypi.org/simple" }
sdist = { url = "https://files.pythonhosted.org/packages/b9/28/99c51f664567218d824af024c0251650fb27e4ca066df188dab0769c5b91/idna-3.17.tar.gz", hash = "sha256:5eb0cb53bc467c12eadcf6de83163ad8527cec9416f44b9b61b19caedad2b87f", size = 196048, upload-time = "2026-05-28T14:32:38.55Z" }
wheels = [
    { url = "https://files.pythonhosted.org/packages/de/a7/f76514cc40ad6234098ecdebda08732d75964776c51a42845b7da10649e2/idna-3.17-py3-none-any.whl", hash = "sha256:466e48829084efe2548012b855df21540b96f2e20e51bd124c851536556a592c", size = 65316, upload-time = "2026-05-28T14:32:37.035Z" },
]

[[package]]
name = "obstore"
version = "0.9.5"
source = { registry = "https://pypi.org/simple" }
sdist = { url = "https://files.pythonhosted.org/packages/85/b3/71afe64d4751cd6bcd2bf60d25e1545a02a6a0058a9617d1b6e853a04fd9/obstore-0.9.5.tar.gz", hash = "sha256:9b260c1c570ddb12d28df60863792f26c45f958bdc9cf2f2782e16ec4f2fda4a", size = 124358, upload-time = "2026-05-20T16:33:58.579Z" }
wheels = [
    { url = "https://files.pythonhosted.org/packages/e4/15/9ea38c3cb61fcaef6ad8f1e66e5d0c9a8a68e813bfe199d0cf9182b1f095/obstore-0.9.5-cp311-abi3-macosx_10_12_x86_64.whl", hash = "sha256:07b6c230f935b0ccb794680a672a2234a3cc4fd7caddfcd5734438c9f9933309", size = 4088981, upload-time = "2026-05-20T16:32:20.434Z" },
    { url = "https://files.pythonhosted.org/packages/ce/c8/7594dc9b3eca3ae4a1019a486fffd75c37c8eb3927a653990f5ad949fdaa/obstore-0.9.5-cp311-abi3-macosx_11_0_arm64.whl", hash = "sha256:e92065cbe028208ce75daf99d44ef0d4d2ed530f5592da32e1f4875e3c90e1f4", size = 3869018, upload-time = "2026-05-20T16:32:22.597Z" },
    { url = "https://files.pythonhosted.org/packages/19/04/4feae163d006250fcaa8d35ff7d11f98b19072df1d9e52187328a9e75b62/obstore-0.9.5-cp311-abi3-manylinux_2_17_armv7l.manylinux2014_armv7l.whl", hash = "sha256:0fe21e6e6c23933c68dba12c94fb4f493edb2314986eae9742b186f5858dce0a", size = 4028651, upload-time = "2026-05-20T16:32:24.557Z" },
    { url = "https://files.pythonhosted.org/packages/83/27/740448a0b4b0520a409a56883775192f6263b2b5dae77febf4400accf731/obstore-0.9.5-cp311-abi3-manylinux_2_17_i686.manylinux2014_i686.whl", hash = "sha256:9c2df2acf5adf251cf1f57a2acb7b394866742b2fd3bae53833f30389dd7ab5c", size = 4127137, upload-time = "2026-05-20T16:32:26.406Z" },
    { url = "https://files.pythonhosted.org/packages/29/28/f5805571559c9089d1e0032523251c35164677f3952c43409b916fa1face/obstore-0.9.5-cp311-abi3-manylinux_2_17_ppc64le.manylinux2014_ppc64le.whl", hash = "sha256:3d1b99d79b832b295a6da4428a9ebaf91999cb1e68af9bd49da4316aaf340809", size = 4414791, upload-time = "2026-05-20T16:32:28.147Z" },
    { url = "https://files.pythonhosted.org/packages/20/3f/ea4486c003e06e524fe60b36ee17c9300ce7b8d7e2832ffa78538ba864e4/obstore-0.9.5-cp311-abi3-manylinux_2_17_s390x.manylinux2014_s390x.whl", hash = "sha256:0df6e437c610b4f7dd6e7e4a3e9f3a08ff7adef1fe1dd89b2d7085fab1c6c2d0", size = 4310241, upload-time = "2026-05-20T16:32:30.17Z" },
    { url = "https://files.pythonhosted.org/packages/08/8b/06074b683861bc6864ad5cace4803ee2720c8b4de8997c5777679da3ffcd/obstore-0.9.5-cp311-abi3-manylinux_2_17_x86_64.manylinux2014_x86_64.whl", hash = "sha256:2fd05fa28b8369dd5e9dadcc96c559ae4ff59e30d37e236417cc2471f8eb0ed0", size = 4217493, upload-time = "2026-05-20T16:32:32.604Z" },
    { url = "https://files.pythonhosted.org/packages/75/0b/7d4ca1cc3be4f2ef00cd0ad90fb17e186331d2984911eaae1088216cad00/obstore-0.9.5-cp311-abi3-manylinux_2_24_aarch64.whl", hash = "sha256:1ee955ffbcc7c44c17f6145fe794e7ba8b10e1b5191943a79f3bbd7cad471098", size = 4104181, upload-time = "2026-05-20T16:32:35.229Z" },
    { url = "https://files.pythonhosted.org/packages/47/d4/666fc559d7cba608ed137e94a76a0ee25f6b95e7fd64150a30a50ac797fb/obstore-0.9.5-cp311-abi3-musllinux_1_2_aarch64.whl", hash = "sha256:ada211c2ee237f3c41eb40d893c46fcade11f75e5f0af0b72743fa346e9a38ea", size = 4291586, upload-time = "2026-05-20T16:32:37.058Z" },
    { url = "https://files.pythonhosted.org/packages/9a/0c/f82c71c343b70572adb2e09cd06c82112a6cf910593c268422e106f08cc6/obstore-0.9.5-cp311-abi3-musllinux_1_2_armv7l.whl", hash = "sha256:b691a9c8bace34bf70f023af3f9044a3e63041154c15c8a7fae7595e1240ba17", size = 4266286, upload-time = "2026-05-20T16:32:39.165Z" },
    { url = "https://files.pythonhosted.org/packages/1c/36/a0bce2bbc41d309d3fd95869b7fedc3a3811a778cc4efd25a4782d6be775/obstore-0.9.5-cp311-abi3-musllinux_1_2_i686.whl", hash = "sha256:644e2d5ac9aae7d5eef093c82b5025cce01ee7e30cf76546ff61f58ac2671e2b", size = 4254886, upload-time = "2026-05-20T16:32:40.764Z" },
    { url = "https://files.pythonhosted.org/packages/02/c2/5dc170d50f8df1ead8004d3fb1a0486bb889097b7ae5f15daf3e1645a731/obstore-0.9.5-cp311-abi3-musllinux_1_2_x86_64.whl", hash = "sha256:871e0223cb47c53318574c0705345498c522d19b3b2c8510f9d151a309e0c123", size = 4436551, upload-time = "2026-05-20T16:32:42.452Z" },
    { url = "https://files.pythonhosted.org/packages/45/80/7845a2338dd1adca49160f762f4a785d0438de4a508fbf98022595aadcf7/obstore-0.9.5-cp311-abi3-win_amd64.whl", hash = "sha256:a137b50064cd0a9714b66d0ebb54d83164c51cfe936f67bd499ec5a827f6ff87", size = 4165753, upload-time = "2026-05-20T16:32:44.169Z" },
    { url = "https://files.pythonhosted.org/packages/f2/61/24dd5fe0305ba2651949edece2da034a33062baa391540385e76dd4a0814/obstore-0.9.5-cp313-cp313t-macosx_10_12_x86_64.whl", hash = "sha256:c490ac0a7f3007ff52fbb3324e74cabef52d667f27eeb2bb75a2b0cdaa902c85", size = 4071905, upload-time = "2026-05-20T16:32:45.847Z" },
    { url = "https://files.pythonhosted.org/packages/08/0c/25ce6a89844e5435c3339e3acb4ca4d70d69eec26a10cf65781f2d942a72/obstore-0.9.5-cp313-cp313t-macosx_11_0_arm64.whl", hash = "sha256:f8dfbf021f7dc5d7c75586a4e7d754bcc4cda3b632249dae633520f42f2dbf7c", size = 3859682, upload-time = "2026-05-20T16:32:48.412Z" },
    { url = "https://files.pythonhosted.org/packages/10/74/9dbe87ffb03166edd2d4133b1d3e277eaecc6aba6a663c2da70ed241a522/obstore-0.9.5-cp313-cp313t-manylinux_2_17_armv7l.manylinux2014_armv7l.whl", hash = "sha256:febc05acb3a0474e74606f45473f3f125e3713607a4a11373c6373e8005e89f9", size = 4023716, upload-time = "2026-05-20T16:32:50.17Z" },
    { url = "https://files.pythonhosted.org/packages/90/66/617caf6c1bfa31ccd942ad1b485089a7d67a5ddd1a8fd42300e5bc5918b1/obstore-0.9.5-cp313-cp313t-manylinux_2_17_i686.manylinux2014_i686.whl", hash = "sha256:c354d4665bbfe9a6ef8632a06fc8a4e5a3836efb7cdc33b61ab068798acb341a", size = 4120551, upload-time = "2026-05-20T16:32:52.014Z" },
    { url = "https://files.pythonhosted.org/packages/f1/ea/cd3e2bf5a1c29162179717df477ca485f2bfe8468a23b26cf89956088ee3/obstore-0.9.5-cp313-cp313t-manylinux_2_17_ppc64le.manylinux2014_ppc64le.whl", hash = "sha256:9942a8966776fd0c40a3e14c56ad28f9d602b4740a9b744d8c94e1e500a4d684", size = 4407154, upload-time = "2026-05-20T16:32:53.936Z" },
    { url = "https://files.pythonhosted.org/packages/d9/04/fd7d3c8c86ea94248d20ba4bbfacf03b05240b32b385f50c2f77a5242d0a/obstore-0.9.5-cp313-cp313t-manylinux_2_17_s390x.manylinux2014_s390x.whl", hash = "sha256:76f4469c6f69773d55cece08c51b7d01db4d4fea5ef7334984a8023c03a62499", size = 4311561, upload-time = "2026-05-20T16:32:55.772Z" },
    { url = "https://files.pythonhosted.org/packages/d8/14/f88831a684784a9ea05ffbe64eb7d7b94fa4f40d4b86f7861436740505a2/obstore-0.9.5-cp313-cp313t-manylinux_2_17_x86_64.manylinux2014_x86_64.whl", hash = "sha256:ff5610969075569a7be7bc8a57b2c7abcb0dbdab7a7d140b519e15b650339b61", size = 4216618, upload-time = "2026-05-20T16:32:57.462Z" },
    { url = "https://files.pythonhosted.org/packages/f0/95/9798cb84eddcf00379a82513c131f35bfef3422a077d5c66ed84bf7fcc55/obstore-0.9.5-cp313-cp313t-manylinux_2_24_aarch64.whl", hash = "sha256:e32f529289cd46363c3bdaec303f105412f3171c5702089521b32f5dfffb487e", size = 4103367, upload-time = "2026-05-20T16:32:59.623Z" },
    { url = "https://files.pythonhosted.org/packages/0e/3d/3202d14e1a1d097a099a7351d4c032aa4711b44a8aa04e8027db9b7a81a2/obstore-0.9.5-cp313-cp313t-musllinux_1_2_aarch64.whl", hash = "sha256:21c236ca1f4b1b03034d691a276f99d51e3ee3a14246a93d8fdc14efb18f9dc6", size = 4291649, upload-time = "2026-05-20T16:33:01.7Z" },
    { url = "https://files.pythonhosted.org/packages/c8/1f/08462b85ff6e5f15d4208df5b16d655d806dfbf887eb411857adfd24b3e3/obstore-0.9.5-cp313-cp313t-musllinux_1_2_armv7l.whl", hash = "sha256:b942cd770e257830cf23b05bd930e36d59a4620f54c7c4ccee15b220e9e7d5ba", size = 4263462, upload-time = "2026-05-20T16:33:03.711Z" },
    { url = "https://files.pythonhosted.org/packages/e3/bc/0820aef78d727fbdd6da8b2c813c38e8234374103b11dd9ba62b03f19198/obstore-0.9.5-cp313-cp313t-musllinux_1_2_i686.whl", hash = "sha256:e406d553501bc96d628ff85b099345196304f33e2f30ccf4846bfaf8cb8d5b62", size = 4246789, upload-time = "2026-05-20T16:33:05.489Z" },
    { url = "https://files.pythonhosted.org/packages/39/f4/09dafd6de698cf1aa535575f282b101dda8ca33662fae7b6a89f60e75c1a/obstore-0.9.5-cp313-cp313t-musllinux_1_2_x86_64.whl", hash = "sha256:665c8abbfb892a6546de5e5f1149797fae13993f4045de9ae54d7fb1570b8280", size = 4436739, upload-time = "2026-05-20T16:33:07.304Z" },
    { url = "https://files.pythonhosted.org/packages/16/f9/746df9c2363fda331b2a74feeb9915a9518fb94891287c996f2485833f17/obstore-0.9.5-cp313-cp313t-win_amd64.whl", hash = "sha256:4ae711e30c68fde35657bfd6ebfa5600f13f802ae8448fd23c52fca1317c8d2e", size = 4160476, upload-time = "2026-05-20T16:33:09.011Z" },
    { url = "https://files.pythonhosted.org/packages/7c/5c/6bd9d831064952733ab843647be4a75fe09f7565943602002aaedc71d839/obstore-0.9.5-cp314-cp314t-macosx_10_12_x86_64.whl", hash = "sha256:179ebb76f5f1a448f1154a08ae9fd7ea2084a368cde222a185b3fe0d43a3cc8b", size = 4071926, upload-time = "2026-05-20T16:33:11.021Z" },
    { url = "https://files.pythonhosted.org/packages/aa/bf/e2582b5ebb19c297c490052c7e67d8ae54657231667bbf9481a7bd2aeb37/obstore-0.9.5-cp314-cp314t-macosx_11_0_arm64.whl", hash = "sha256:09a36aa610b3fa1bafcea414abd30651a911d9011b028c96722e0ffbecbf314c", size = 3860512, upload-time = "2026-05-20T16:33:12.653Z" },
    { url = "https://files.pythonhosted.org/packages/ea/a8/acb995b73241eb3c842f0c9a68d1d389b4eddf9619bc5dacad9699590358/obstore-0.9.5-cp314-cp314t-manylinux_2_17_armv7l.manylinux2014_armv7l.whl", hash = "sha256:40aba2363f6ce29db8f599683e431ca554452ad4d3815f13206fbe5f685f986d", size = 4024158, upload-time = "2026-05-20T16:33:14.631Z" },
    { url = "https://files.pythonhosted.org/packages/8b/67/9dc28c375e96cb9338c546747e7fbb53bc7454ceea2ff711585acd28d44a/obstore-0.9.5-cp314-cp314t-manylinux_2_17_i686.manylinux2014_i686.whl", hash = "sha256:b5deea054901387b034b38e2596a729e1b55f9e03245d988dae710a3eb48cb62", size = 4120425, upload-time = "2026-05-20T16:33:16.75Z" },
    { url = "https://files.pythonhosted.org/packages/47/c1/52dd20a22ac23caba2125de6583cf65b1a67ce0ab6ff4b7053534ff98b7c/obstore-0.9.5-cp314-cp314t-manylinux_2_17_ppc64le.manylinux2014_ppc64le.whl", hash = "sha256:e53b35490bc8713e56469d28af4b77d8324c05e3c4f7f5e5a70d189493d2492b", size = 4407106, upload-time = "2026-05-20T16:33:18.77Z" },
    { url = "https://files.pythonhosted.org/packages/d7/96/ff54d5cac4b5a72375efa6c37c7e8eb5ee8a2c7a42523d3ad05811f5753f/obstore-0.9.5-cp314-cp314t-manylinux_2_17_s390x.manylinux2014_s390x.whl", hash = "sha256:dd284bcfa5e88325b55ddecefa7e96d691a329cd321f34fe0a69049f952d7341", size = 4310922, upload-time = "2026-05-20T16:33:20.463Z" },
    { url = "https://files.pythonhosted.org/packages/60/04/6c459e6b71fe7935e3686263f331c7a90568bbf31a7d94da4437a118ad18/obstore-0.9.5-cp314-cp314t-manylinux_2_17_x86_64.manylinux2014_x86_64.whl", hash = "sha256:2271c3fee93883c28e52edc2a5cd42551e4376ae3df5cc637ce327d9d27285bf", size = 4217146, upload-time = "2026-05-20T16:33:22.18Z" },
    { url = "https://files.pythonhosted.org/packages/36/b6/da037b702baa25f4e4abd8d4d3bdd366e2eb0b2bdeecd04d90a5fb85617e/obstore-0.9.5-cp314-cp314t-manylinux_2_24_aarch64.whl", hash = "sha256:834e78372dc57a168b58676e28ea4b9b3713b0e9364cdfaad3918644975d32ce", size = 4104436, upload-time = "2026-05-20T16:33:23.952Z" },
    { url = "https://files.pythonhosted.org/packages/6a/86/378f1229df013d2dc4506c32a5c8d0b1c859fcaa1a9a1200c7278a201944/obstore-0.9.5-cp314-cp314t-musllinux_1_2_aarch64.whl", hash = "sha256:c8c4164e5b557098a2bf63ab8d7dd1ae54115af90233450e02046ccf3da760f4", size = 4291935, upload-time = "2026-05-20T16:33:25.976Z" },
    { url = "https://files.pythonhosted.org/packages/cd/c7/67b55d1e902004cffe65229641ff4cbbbe5853ceb7e3df9c6c6459a04fee/obstore-0.9.5-cp314-cp314t-musllinux_1_2_armv7l.whl", hash = "sha256:f48ed6f75dc77ee2dd1b13c99b2d6319d3bc335e16dcd5d4833473c0da106c66", size = 4263649, upload-time = "2026-05-20T16:33:27.75Z" },
    { url = "https://files.pythonhosted.org/packages/9d/8a/008865ef6119f52a79de5a38c002054703d61dc2b9a9b4799ce674d0b00a/obstore-0.9.5-cp314-cp314t-musllinux_1_2_i686.whl", hash = "sha256:5f29e1bc70f941607f22a4133a7e4c4205df7963d0304337dc46c96ba13988d7", size = 4246828, upload-time = "2026-05-20T16:33:29.737Z" },
    { url = "https://files.pythonhosted.org/packages/cd/36/ca53fe8fc92a66362774c016f3e2b1e2083757d35308e6f241d91f9145ec/obstore-0.9.5-cp314-cp314t-musllinux_1_2_x86_64.whl", hash = "sha256:84e7b877d4032f94e9a39619d3a255d2aaf0450f2b52a1e3e980ba6e128c4235", size = 4437321, upload-time = "2026-05-20T16:33:31.458Z" },
    { url = "https://files.pythonhosted.org/packages/1b/27/6f54434b9b76f5d13163165dd2cb52e321a970ee32909c5c999ae1886da3/obstore-0.9.5-cp314-cp314t-win_amd64.whl", hash = "sha256:555c3034e493802bc501df87ee617cc97c04492e39798821b635376ad82b47c5", size = 4161520, upload-time = "2026-05-20T16:33:33.42Z" },
]

[[package]]
name = "psutil"
version = "7.2.2"
source = { registry = "https://pypi.org/simple" }
sdist = { url = "https://files.pythonhosted.org/packages/aa/c6/d1ddf4abb55e93cebc4f2ed8b5d6dbad109ecb8d63748dd2b20ab5e57ebe/psutil-7.2.2.tar.gz", hash = "sha256:0746f5f8d406af344fd547f1c8daa5f5c33dbc293bb8d6a16d80b4bb88f59372", size = 493740, upload-time = "2026-01-28T18:14:54.428Z" }
wheels = [
    { url = "https://files.pythonhosted.org/packages/51/08/510cbdb69c25a96f4ae523f733cdc963ae654904e8db864c07585ef99875/psutil-7.2.2-cp313-cp313t-macosx_10_13_x86_64.whl", hash = "sha256:2edccc433cbfa046b980b0df0171cd25bcaeb3a68fe9022db0979e7aa74a826b", size = 130595, upload-time = "2026-01-28T18:14:57.293Z" },
    { url = "https://files.pythonhosted.org/packages/d6/f5/97baea3fe7a5a9af7436301f85490905379b1c6f2dd51fe3ecf24b4c5fbf/psutil-7.2.2-cp313-cp313t-macosx_11_0_arm64.whl", hash = "sha256:e78c8603dcd9a04c7364f1a3e670cea95d51ee865e4efb3556a3a63adef958ea", size = 131082, upload-time = "2026-01-28T18:14:59.732Z" },
    { url = "https://files.pythonhosted.org/packages/37/d6/246513fbf9fa174af531f28412297dd05241d97a75911ac8febefa1a53c6/psutil-7.2.2-cp313-cp313t-manylinux2010_x86_64.manylinux_2_12_x86_64.manylinux_2_28_x86_64.whl", hash = "sha256:1a571f2330c966c62aeda00dd24620425d4b0cc86881c89861fbc04549e5dc63", size = 181476, upload-time = "2026-01-28T18:15:01.884Z" },
    { url = "https://files.pythonhosted.org/packages/b8/b5/9182c9af3836cca61696dabe4fd1304e17bc56cb62f17439e1154f225dd3/psutil-7.2.2-cp313-cp313t-manylinux2014_aarch64.manylinux_2_17_aarch64.manylinux_2_28_aarch64.whl", hash = "sha256:917e891983ca3c1887b4ef36447b1e0873e70c933afc831c6b6da078ba474312", size = 184062, upload-time = "2026-01-28T18:15:04.436Z" },
    { url = "https://files.pythonhosted.org/packages/16/ba/0756dca669f5a9300d0cbcbfae9a4c30e446dfc7440ffe43ded5724bfd93/psutil-7.2.2-cp313-cp313t-win_amd64.whl", hash = "sha256:ab486563df44c17f5173621c7b198955bd6b613fb87c71c161f827d3fb149a9b", size = 139893, upload-time = "2026-01-28T18:15:06.378Z" },
    { url = "https://files.pythonhosted.org/packages/1c/61/8fa0e26f33623b49949346de05ec1ddaad02ed8ba64af45f40a147dbfa97/psutil-7.2.2-cp313-cp313t-win_arm64.whl", hash = "sha256:ae0aefdd8796a7737eccea863f80f81e468a1e4cf14d926bd9b6f5f2d5f90ca9", size = 135589, upload-time = "2026-01-28T18:15:08.03Z" },
    { url = "https://files.pythonhosted.org/packages/81/69/ef179ab5ca24f32acc1dac0c247fd6a13b501fd5534dbae0e05a1c48b66d/psutil-7.2.2-cp314-cp314t-macosx_10_15_x86_64.whl", hash = "sha256:eed63d3b4d62449571547b60578c5b2c4bcccc5387148db46e0c2313dad0ee00", size = 130664, upload-time = "2026-01-28T18:15:09.469Z" },
    { url = "https://files.pythonhosted.org/packages/7b/64/665248b557a236d3fa9efc378d60d95ef56dd0a490c2cd37dafc7660d4a9/psutil-7.2.2-cp314-cp314t-macosx_11_0_arm64.whl", hash = "sha256:7b6d09433a10592ce39b13d7be5a54fbac1d1228ed29abc880fb23df7cb694c9", size = 131087, upload-time = "2026-01-28T18:15:11.724Z" },
    { url = "https://files.pythonhosted.org/packages/d5/2e/e6782744700d6759ebce3043dcfa661fb61e2fb752b91cdeae9af12c2178/psutil-7.2.2-cp314-cp314t-manylinux2010_x86_64.manylinux_2_12_x86_64.manylinux_2_28_x86_64.whl", hash = "sha256:1fa4ecf83bcdf6e6c8f4449aff98eefb5d0604bf88cb883d7da3d8d2d909546a", size = 182383, upload-time = "2026-01-28T18:15:13.445Z" },
    { url = "https://files.pythonhosted.org/packages/57/49/0a41cefd10cb7505cdc04dab3eacf24c0c2cb158a998b8c7b1d27ee2c1f5/psutil-7.2.2-cp314-cp314t-manylinux2014_aarch64.manylinux_2_17_aarch64.manylinux_2_28_aarch64.whl", hash = "sha256:e452c464a02e7dc7822a05d25db4cde564444a67e58539a00f929c51eddda0cf", size = 185210, upload-time = "2026-01-28T18:15:16.002Z" },
    { url = "https://files.pythonhosted.org/packages/dd/2c/ff9bfb544f283ba5f83ba725a3c5fec6d6b10b8f27ac1dc641c473dc390d/psutil-7.2.2-cp314-cp314t-win_amd64.whl", hash = "sha256:c7663d4e37f13e884d13994247449e9f8f574bc4655d509c3b95e9ec9e2b9dc1", size = 141228, upload-time = "2026-01-28T18:15:18.385Z" },
    { url = "https://files.pythonhosted.org/packages/f2/fc/f8d9c31db14fcec13748d373e668bc3bed94d9077dbc17fb0eebc073233c/psutil-7.2.2-cp314-cp314t-win_arm64.whl", hash = "sha256:11fe5a4f613759764e79c65cf11ebdf26e33d6dd34336f8a337aa2996d71c841", size = 136284, upload-time = "2026-01-28T18:15:19.912Z" },
    { url = "https://files.pythonhosted.org/packages/e7/36/5ee6e05c9bd427237b11b3937ad82bb8ad2752d72c6969314590dd0c2f6e/psutil-7.2.2-cp36-abi3-macosx_10_9_x86_64.whl", hash = "sha256:ed0cace939114f62738d808fdcecd4c869222507e266e574799e9c0faa17d486", size = 129090, upload-time = "2026-01-28T18:15:22.168Z" },
    { url = "https://files.pythonhosted.org/packages/80/c4/f5af4c1ca8c1eeb2e92ccca14ce8effdeec651d5ab6053c589b074eda6e1/psutil-7.2.2-cp36-abi3-macosx_11_0_arm64.whl", hash = "sha256:1a7b04c10f32cc88ab39cbf606e117fd74721c831c98a27dc04578deb0c16979", size = 129859, upload-time = "2026-01-28T18:15:23.795Z" },
    { url = "https://files.pythonhosted.org/packages/b5/70/5d8df3b09e25bce090399cf48e452d25c935ab72dad19406c77f4e828045/psutil-7.2.2-cp36-abi3-manylinux2010_x86_64.manylinux_2_12_x86_64.manylinux_2_28_x86_64.whl", hash = "sha256:076a2d2f923fd4821644f5ba89f059523da90dc9014e85f8e45a5774ca5bc6f9", size = 155560, upload-time = "2026-01-28T18:15:25.976Z" },
    { url = "https://files.pythonhosted.org/packages/63/65/37648c0c158dc222aba51c089eb3bdfa238e621674dc42d48706e639204f/psutil-7.2.2-cp36-abi3-manylinux2014_aarch64.manylinux_2_17_aarch64.manylinux_2_28_aarch64.whl", hash = "sha256:b0726cecd84f9474419d67252add4ac0cd9811b04d61123054b9fb6f57df6e9e", size = 156997, upload-time = "2026-01-28T18:15:27.794Z" },
    { url = "https://files.pythonhosted.org/packages/8e/13/125093eadae863ce03c6ffdbae9929430d116a246ef69866dad94da3bfbc/psutil-7.2.2-cp36-abi3-musllinux_1_2_aarch64.whl", hash = "sha256:fd04ef36b4a6d599bbdb225dd1d3f51e00105f6d48a28f006da7f9822f2606d8", size = 148972, upload-time = "2026-01-28T18:15:29.342Z" },
    { url = "https://files.pythonhosted.org/packages/04/78/0acd37ca84ce3ddffaa92ef0f571e073faa6d8ff1f0559ab1272188ea2be/psutil-7.2.2-cp36-abi3-musllinux_1_2_x86_64.whl", hash = "sha256:b58fabe35e80b264a4e3bb23e6b96f9e45a3df7fb7eed419ac0e5947c61e47cc", size = 148266, upload-time = "2026-01-28T18:15:31.597Z" },
    { url = "https://files.pythonhosted.org/packages/b4/90/e2159492b5426be0c1fef7acba807a03511f97c5f86b3caeda6ad92351a7/psutil-7.2.2-cp37-abi3-win_amd64.whl", hash = "sha256:eb7e81434c8d223ec4a219b5fc1c47d0417b12be7ea866e24fb5ad6e84b3d988", size = 137737, upload-time = "2026-01-28T18:15:33.849Z" },
    { url = "https://files.pythonhosted.org/packages/8c/c7/7bb2e321574b10df20cbde462a94e2b71d05f9bbda251ef27d104668306a/psutil-7.2.2-cp37-abi3-win_arm64.whl", hash = "sha256:8c233660f575a5a89e6d4cb65d9f938126312bca76d8fe087b947b3a1aaac9ee", size = 134617, upload-time = "2026-01-28T18:15:36.514Z" },
]

[[package]]
name = "python-dotenv"
version = "1.2.2"
source = { registry = "https://pypi.org/simple" }
sdist = { url = "https://files.pythonhosted.org/packages/82/ed/0301aeeac3e5353ef3d94b6ec08bbcabd04a72018415dcb29e588514bba8/python_dotenv-1.2.2.tar.gz", hash = "sha256:2c371a91fbd7ba082c2c1dc1f8bf89ca22564a087c2c287cd9b662adde799cf3", size = 50135, upload-time = "2026-03-01T16:00:26.196Z" }
wheels = [
    { url = "https://files.pythonhosted.org/packages/0b/d7/1959b9648791274998a9c3526f6d0ec8fd2233e4d4acce81bbae76b44b2a/python_dotenv-1.2.2-py3-none-any.whl", hash = "sha256:1d8214789a24de455a8b8bd8ae6fe3c6b69a5e3d64aa8a8e5d68e694bbcb285a", size = 22101, upload-time = "2026-03-01T16:00:25.09Z" },
]

[[package]]
name = "ruff"
version = "0.15.15"
source = { registry = "https://pypi.org/simple" }
sdist = { url = "https://files.pythonhosted.org/packages/84/6f/a76f7d96e5c962f5b69cee865e49c15c1116897c01990faa8a57edb62e7f/ruff-0.15.15.tar.gz", hash = "sha256:b8dff018130b46d8e5bf0f926ef6b60cf871d6d5ae45fc9334e09632daa741d6", size = 4706985, upload-time = "2026-05-28T14:16:57.784Z" }
wheels = [
    { url = "https://files.pythonhosted.org/packages/fa/9d/3a45c05b8ab04b4705989de70a79008e27c8003296a0feaee9edc18dd7e9/ruff-0.15.15-py3-none-linux_armv6l.whl", hash = "sha256:cf93e5388f412e1b108b1f8b34a6e036b70fe8aff89393befad96fe48670311b", size = 10710652, upload-time = "2026-05-28T14:16:06.701Z" },
    { url = "https://files.pythonhosted.org/packages/05/66/da974431624bf3b49f6ee1f9543c02d929ff1cba78b0d5a79c38cf21f744/ruff-0.15.15-py3-none-macosx_10_12_x86_64.whl", hash = "sha256:ac5a646d1f6a7dadd5d50842dae2c1f9862ac887ef5d1b1375e02def791fde6e", size = 11096615, upload-time = "2026-05-28T14:16:23.313Z" },
    { url = "https://files.pythonhosted.org/packages/8c/09/7443452e5d290230a712103f2fdceeef7184f3ec99a2bd01c8be78aaceb5/ruff-0.15.15-py3-none-macosx_11_0_arm64.whl", hash = "sha256:77d955a431430c66f72dd94e379ad38a16daea3d25094872ac4edf9e797be530", size = 10436683, upload-time = "2026-05-28T14:16:40.974Z" },
    { url = "https://files.pythonhosted.org/packages/53/01/d330c26a57fa4f3943a14424904027428315b700fe4d14a84bb123a649e5/ruff-0.15.15-py3-none-manylinux_2_17_aarch64.manylinux2014_aarch64.whl", hash = "sha256:7614ee79c69788cf6cedd568069ade9cecc22a1ad20494efe8d0c9ebb4b622d4", size = 10769064, upload-time = "2026-05-28T14:16:28.905Z" },
    { url = "https://files.pythonhosted.org/packages/1d/85/cc8770f8bdff541b1da8392d1634141fe4a0e3f4ee596605959b7906c27f/ruff-0.15.15-py3-none-manylinux_2_17_armv7l.manylinux2014_armv7l.whl", hash = "sha256:3cdb1679e06a1f6b47bc384714ae96f6e2fb65ca441eb78c43d2ca554176ce1f", size = 10511987, upload-time = "2026-05-28T14:16:43.732Z" },
    { url = "https://files.pythonhosted.org/packages/7c/29/8c190c1472b63013583ba391f3342036e02010544c1270455ed8e519bdf3/ruff-0.15.15-py3-none-manylinux_2_17_i686.manylinux2014_i686.whl", hash = "sha256:2728b93d7b23a603ea2c0ac6eb73d760bd38ec9de35f35fb41e18f7a3fee7622", size = 11275100, upload-time = "2026-05-28T14:16:55.244Z" },
    { url = "https://files.pythonhosted.org/packages/9f/6b/7e145ce2cc8e63d6834eca03d83a0e18d121def5c69f91b4cf4011ed4879/ruff-0.15.15-py3-none-manylinux_2_17_ppc64le.manylinux2014_ppc64le.whl", hash = "sha256:be582fcc0db438902c7792b08d6ddf6c9b9e21addaa10092c2c741cfb09e5a45", size = 12176903, upload-time = "2026-05-28T14:16:14.368Z" },
    { url = "https://files.pythonhosted.org/packages/80/a3/d5974637f68e451f7fadf015cf3101d1cd7d8ba5027cffe0b9e3826ebe6b/ruff-0.15.15-py3-none-manylinux_2_17_s390x.manylinux2014_s390x.whl", hash = "sha256:7aa77465b8ecaf1a27bea098d696f7fed5e1eccbd10b321b682d6de586ae5627", size = 11404550, upload-time = "2026-05-28T14:16:20.138Z" },
    { url = "https://files.pythonhosted.org/packages/fe/1c/e6e5e568f22be4fb05d6244234aba384c06b451252453b821e1a529263cf/ruff-0.15.15-py3-none-manylinux_2_17_x86_64.manylinux2014_x86_64.whl", hash = "sha256:48decfa11d740de4889de623be1463308346312f2409a56e24aa280c86162dc4", size = 11382027, upload-time = "2026-05-28T14:16:46.615Z" },
    { url = "https://files.pythonhosted.org/packages/1d/01/170921b49fcd2e8858825593f91cf7146c3e40a5c3e6df763e4bb0484dde/ruff-0.15.15-py3-none-manylinux_2_31_riscv64.whl", hash = "sha256:a5015088452ca0081387063649ec67f06d3d1d6b8b936a1f836b5e9657ecd48c", size = 11366041, upload-time = "2026-05-28T14:16:26.247Z" },
    { url = "https://files.pythonhosted.org/packages/87/54/a7bad711d7de93254e15e06a4c375b89a03d18de45d3e5dcc86a4472fb1a/ruff-0.15.15-py3-none-musllinux_1_2_aarch64.whl", hash = "sha256:f5294aab6356c81600fcdea3a62bb1b924dfd5e91767c12318d3f68f86af57cd", size = 10741795, upload-time = "2026-05-28T14:16:17.11Z" },
    { url = "https://files.pythonhosted.org/packages/c9/31/38c075963668f8b41c6914ee0f6f318727fbe30ab9145cb29e6df464c5fa/ruff-0.15.15-py3-none-musllinux_1_2_armv7l.whl", hash = "sha256:db5bd4d802415cca656dc1616070b725952d6ae95eb5d4831e49fbd94a38f75f", size = 10511117, upload-time = "2026-05-28T14:16:31.767Z" },
    { url = "https://files.pythonhosted.org/packages/9d/96/6ff689e1f7e375d1d97075eca022f74c2bab59554a432fe4d2e6f091986a/ruff-0.15.15-py3-none-musllinux_1_2_i686.whl", hash = "sha256:587a6278ed42059191c1a466e490bd7930fb50bd2e255398bc29616c895a61cb", size = 10994867, upload-time = "2026-05-28T14:16:35.149Z" },
    { url = "https://files.pythonhosted.org/packages/c3/c2/5dce0ab9f92a8d534fa62b9bf9caca3eddb8c1a81b616f5e195ada4f0d6e/ruff-0.15.15-py3-none-musllinux_1_2_x86_64.whl", hash = "sha256:df0c1c084f5f4be9812f61518a45c440d3c30d69ce4bf6c5270e66d38338f02a", size = 11482101, upload-time = "2026-05-28T14:16:49.598Z" },
    { url = "https://files.pythonhosted.org/packages/b1/c0/1003b60edd697c649faf61f1a34094b1abb38fb3d1181e3f895781250a08/ruff-0.15.15-py3-none-win32.whl", hash = "sha256:29428ea79694afbe756d45fd59b36f22b6b020dc0443cf7de0173046236964b9", size = 10716774, upload-time = "2026-05-28T14:16:52.337Z" },
    { url = "https://files.pythonhosted.org/packages/02/a8/1269eddd6945a06c23f055ef7848886e37cf9d6a8bebb386a3115f01470c/ruff-0.15.15-py3-none-win_amd64.whl", hash = "sha256:8df0323902e15e24bc4bf246da830573d3cf3352bd0b9a164eab335d111ff4a4", size = 11868463, upload-time = "2026-05-28T14:16:11.333Z" },
    { url = "https://files.pythonhosted.org/packages/4e/b2/920464c907b191e37469d477a1aa8bc048b8f36c4c1610dfa4ab87b39e18/ruff-0.15.15-py3-none-win_arm64.whl", hash = "sha256:3c8ceca6792f38196b8f589bc92eccd03eef286602da92e5dc05cc42ef6441b7", size = 11138498, upload-time = "2026-05-28T14:16:38.425Z" },
]
