version = 1
revision = 3
requires-python = ">=3.13"
resolution-markers = [
    "python_full_version >= '3.14' and sys_platform == 'win32'",
    "python_full_version >= '3.14' and sys_platform == 'emscripten'",
    "python_full_version >= '3.14' and sys_platform != 'emscripten' and sys_platform != 'win32'",
    "python_full_version < '3.14' and sys_platform == 'win32'",
    "python_full_version < '3.14' and sys_platform == 'emscripten'",
    "python_full_version < '3.14' and sys_platform != 'emscripten' and sys_platform != 'win32'",
]

[[package]]
name = "admin-boundaries"
version = "0.1.0"
source = { virtual = "." }
dependencies = [
    { name = "duckdb" },
    { name = "httpx", extra = ["http2"] },
    { name = "psutil" },
]

[package.dev-dependencies]
dev = [
    { name = "obstore" },
    { name = "python-dotenv" },
    { name = "ruff" },
]

[package.metadata]
requires-dist = [
    { name = "duckdb" },
    { name = "httpx", extras = ["http2"] },
    { name = "psutil" },
]

[package.metadata.requires-dev]
dev = [
    { name = "obstore" },
    { name = "python-dotenv" },
    { name = "ruff" },
]

[[package]]
name = "anyio"
version = "4.13.0"
source = { registry = "https://pypi.org/simple" }
dependencies = [
    { name = "idna" },
]
sdist = { url = "https://files.pythonhosted.org/packages/19/14/2c5dd9f512b66549ae92767a9c7b330ae88e1932ca57876909410251fe13/anyio-4.13.0.tar.gz", hash = "sha256:334b70e641fd2221c1505b3890c69882fe4a2df910cba14d97019b90b24439dc", size = 231622, upload-time = "2026-03-24T12:59:09.671Z" }
wheels = [
    { url = "https://files.pythonhosted.org/packages/da/42/e921fccf5015463e32a3cf6ee7f980a6ed0f395ceeaa45060b61d86486c2/anyio-4.13.0-py3-none-any.whl", hash = "sha256:08b310f9e24a9594186fd75b4f73f4a4152069e3853f1ed8bfbf58369f4ad708", size = 114353, upload-time = "2026-03-24T12:59:08.246Z" },
]

[[package]]
name = "certifi"
version = "2026.4.22"
source = { registry = "https://pypi.org/simple" }
sdist = { url = "https://files.pythonhosted.org/packages/25/ee/6caf7a40c36a1220410afe15a1cc64993a1f864871f698c0f93acb72842a/certifi-2026.4.22.tar.gz", hash = "sha256:8d455352a37b71bf76a79caa83a3d6c25afee4a385d632127b6afb3963f1c580", size = 137077, upload-time = "2026-04-22T11:26:11.191Z" }
wheels = [
    { url = "https://files.pythonhosted.org/packages/22/30/7cd8fdcdfbc5b869528b079bfb76dcdf6056b1a2097a662e5e8c04f42965/certifi-2026.4.22-py3-none-any.whl", hash = "sha256:3cb2210c8f88ba2318d29b0388d1023c8492ff72ecdde4ebdaddbb13a31b1c4a", size = 135707, upload-time = "2026-04-22T11:26:09.372Z" },
]

[[package]]
name = "duckdb"
version = "1.5.2"
source = { registry = "https://pypi.org/simple" }
sdist = { url = "https://files.pythonhosted.org/packages/0c/66/744b4931b799a42f8cb9bc7a6f169e7b8e51195b62b246db407fd90bf15f/duckdb-1.5.2.tar.gz", hash = "sha256:638da0d5102b6cb6f7d47f83d0600708ac1d3cb46c5e9aaabc845f9ba4d69246", size = 18017166, upload-time = "2026-04-13T11:30:09.065Z" }
wheels = [
    { url = "https://files.pythonhosted.org/packages/98/f2/e3d742808f138d374be4bb516fade3d1f33749b813650810ab7885cdc363/duckdb-1.5.2-cp313-cp313-macosx_10_13_universal2.whl", hash = "sha256:4420b3f47027a7849d0e1815532007f377fa95ee5810b47ea717d35525c12f79", size = 30064879, upload-time = "2026-04-13T11:29:30.763Z" },
    { url = "https://files.pythonhosted.org/packages/72/0d/f3dc1cf97e1267ca15e4307d456f96ce583961f0703fd75e62b2ad8d64fa/duckdb-1.5.2-cp313-cp313-macosx_10_13_x86_64.whl", hash = "sha256:bb42e6ed543902e14eae647850da24103a89f0bc2587dec5601b1c1f213bd2ed", size = 15969327, upload-time = "2026-04-13T11:29:33.481Z" },
    { url = "https://files.pythonhosted.org/packages/b1/e0/d5418def53ae4e05a63075705ff44ed5af5a1a5932627eb2b600c5df1c93/duckdb-1.5.2-cp313-cp313-macosx_11_0_arm64.whl", hash = "sha256:98c0535cd6d901f61a5ea3c2e26a1fd28482953d794deb183daf568e3aa5dda6", size = 14225107, upload-time = "2026-04-13T11:29:35.882Z" },
    { url = "https://files.pythonhosted.org/packages/16/a7/15aaa59dbecc35e9711980fcdbf525b32a52470b32d18ef678193a146213/duckdb-1.5.2-cp313-cp313-manylinux_2_26_aarch64.manylinux_2_28_aarch64.whl", hash = "sha256:486c862bf7f163c0110b6d85b3e5c031d224a671cca468f12ebb1d3a348f6b39", size = 19313433, upload-time = "2026-04-13T11:29:38.367Z" },
    { url = "https://files.pythonhosted.org/packages/bd/21/d903cc63a5140c822b7b62b373a87dc557e60c29b321dfb435061c5e67cf/duckdb-1.5.2-cp313-cp313-manylinux_2_26_x86_64.manylinux_2_28_x86_64.whl", hash = "sha256:70631c847ca918ee710ec874241b00cf9d2e5be90762cbb2a0389f17823c08f7", size = 21429837, upload-time = "2026-04-13T11:29:41.135Z" },
    { url = "https://files.pythonhosted.org/packages/e3/0a/b770d1f60c70597302130d6247f418549b7094251a02348fbaf1c7e147ae/duckdb-1.5.2-cp313-cp313-win_amd64.whl", hash = "sha256:52a21823f3fbb52f0f0e5425e20b07391ad882464b955879499b5ff0b45a376b", size = 13107699, upload-time = "2026-04-13T11:29:43.905Z" },
    { url = "https://files.pythonhosted.org/packages/d9/cf/e200fe431d700962d1a908d2ce89f53ccee1cc8db260174ae663ba09686b/duckdb-1.5.2-cp313-cp313-win_arm64.whl", hash = "sha256:411ad438bd4140f189a10e7f515781335962c5d18bd07837dc6d202e3985253d", size = 13927646, upload-time = "2026-04-13T11:29:46.598Z" },
    { url = "https://files.pythonhosted.org/packages/83/a1/f6286c67726cc1ea60a6e3c0d9fbc66527dde24ae089a51bbe298b13ca78/duckdb-1.5.2-cp314-cp314-macosx_10_15_universal2.whl", hash = "sha256:6b0fe75c148000f060aa1a27b293cacc0ea08cc1cad724fbf2143d56070a3785", size = 30078598, upload-time = "2026-04-13T11:29:49.828Z" },
    { url = "https://files.pythonhosted.org/packages/de/6a/59febb02f21a4a5c6b0b0099ef7c965fdd5e61e4904cf813809bb792e35f/duckdb-1.5.2-cp314-cp314-macosx_10_15_x86_64.whl", hash = "sha256:35579b8e3a064b5eaf15b0eafc558056a13f79a0a62e34cc4baf57119daecfec", size = 15975120, upload-time = "2026-04-13T11:29:52.631Z" },
    { url = "https://files.pythonhosted.org/packages/09/70/ce750854d37bb5a45cccbb2c3cb04df4af56aea8fc30a2499bb643b4a9c0/duckdb-1.5.2-cp314-cp314-macosx_11_0_arm64.whl", hash = "sha256:ea58ff5b0880593a280cf5511734b17711b32ee1f58b47d726e8600848358160", size = 14227762, upload-time = "2026-04-13T11:29:55.564Z" },
    { url = "https://files.pythonhosted.org/packages/28/dc/ad45ac3c0b6c4687dc649e8f6cf01af1c8b0443932a39b2abb4ebcb3babd/duckdb-1.5.2-cp314-cp314-manylinux_2_26_aarch64.manylinux_2_28_aarch64.whl", hash = "sha256:ef461bca07313412dc09961c4a4757a851f56b95ac01c58fac6007632b7b94f2", size = 19315668, upload-time = "2026-04-13T11:29:58.427Z" },
    { url = "https://files.pythonhosted.org/packages/cc/b1/1464f468d2e5813f5808de95df9d3113a645a5bfa2ffcaecbc542ddae272/duckdb-1.5.2-cp314-cp314-manylinux_2_26_x86_64.manylinux_2_28_x86_64.whl", hash = "sha256:be37680ddb380015cb37318e378c53511c45c4f0d8fac5599d22b7d092b9217a", size = 21434056, upload-time = "2026-04-13T11:30:01.238Z" },
    { url = "https://files.pythonhosted.org/packages/ce/32/6673607e024722473fa7aafdd29c0e3dd231dd528f6cd8b5797fbeeb229d/duckdb-1.5.2-cp314-cp314-win_amd64.whl", hash = "sha256:0b291786014df1133f8f18b9df4d004484613146e858d71a21791e0fcca16cf4", size = 13633667, upload-time = "2026-04-13T11:30:04.05Z" },
    { url = "https://files.pythonhosted.org/packages/7a/e3/9d34173ec068631faea3ea6e73050700729363e7e33306a9a3218e5cdc61/duckdb-1.5.2-cp314-cp314-win_arm64.whl", hash = "sha256:c9f3e0b71b8a50fccfb42794899285d9d318ce2503782b9dd54868e5ecd0ad31", size = 14402513, upload-time = "2026-04-13T11:30:06.609Z" },
]

[[package]]
name = "h11"
version = "0.16.0"
source = { registry = "https://pypi.org/simple" }
sdist = { url = "https://files.pythonhosted.org/packages/01/ee/02a2c011bdab74c6fb3c75474d40b3052059d95df7e73351460c8588d963/h11-0.16.0.tar.gz", hash = "sha256:4e35b956cf45792e4caa5885e69fba00bdbc6ffafbfa020300e549b208ee5ff1", size = 101250, upload-time = "2025-04-24T03:35:25.427Z" }
wheels = [
    { url = "https://files.pythonhosted.org/packages/04/4b/29cac41a4d98d144bf5f6d33995617b185d14b22401f75ca86f384e87ff1/h11-0.16.0-py3-none-any.whl", hash = "sha256:63cf8bbe7522de3bf65932fda1d9c2772064ffb3dae62d55932da54b31cb6c86", size = 37515, upload-time = "2025-04-24T03:35:24.344Z" },
]

[[package]]
name = "h2"
version = "4.3.0"
source = { registry = "https://pypi.org/simple" }
dependencies = [
    { name = "hpack" },
    { name = "hyperframe" },
]
sdist = { url = "https://files.pythonhosted.org/packages/1d/17/afa56379f94ad0fe8defd37d6eb3f89a25404ffc71d4d848893d270325fc/h2-4.3.0.tar.gz", hash = "sha256:6c59efe4323fa18b47a632221a1888bd7fde6249819beda254aeca909f221bf1", size = 2152026, upload-time = "2025-08-23T18:12:19.778Z" }
wheels = [
    { url = "https://files.pythonhosted.org/packages/69/b2/119f6e6dcbd96f9069ce9a2665e0146588dc9f88f29549711853645e736a/h2-4.3.0-py3-none-any.whl", hash = "sha256:c438f029a25f7945c69e0ccf0fb951dc3f73a5f6412981daee861431b70e2bdd", size = 61779, upload-time = "2025-08-23T18:12:17.779Z" },
]

[[package]]
name = "hpack"
version = "4.1.0"
source = { registry = "https://pypi.org/simple" }
sdist = { url = "https://files.pythonhosted.org/packages/2c/48/71de9ed269fdae9c8057e5a4c0aa7402e8bb16f2c6e90b3aa53327b113f8/hpack-4.1.0.tar.gz", hash = "sha256:ec5eca154f7056aa06f196a557655c5b009b382873ac8d1e66e79e87535f1dca", size = 51276, upload-time = "2025-01-22T21:44:58.347Z" }
wheels = [
    { url = "https://files.pythonhosted.org/packages/07/c6/80c95b1b2b94682a72cbdbfb85b81ae2daffa4291fbfa1b1464502ede10d/hpack-4.1.0-py3-none-any.whl", hash = "sha256:157ac792668d995c657d93111f46b4535ed114f0c9c8d672271bbec7eae1b496", size = 34357, upload-time = "2025-01-22T21:44:56.92Z" },
]

[[package]]
name = "httpcore"
version = "1.0.9"
source = { registry = "https://pypi.org/simple" }
dependencies = [
    { name = "certifi" },
    { name = "h11" },
]
sdist = { url = "https://files.pythonhosted.org/packages/06/94/82699a10bca87a5556c9c59b5963f2d039dbd239f25bc2a63907a05a14cb/httpcore-1.0.9.tar.gz", hash = "sha256:6e34463af53fd2ab5d807f399a9b45ea31c3dfa2276f15a2c3f00afff6e176e8", size = 85484, upload-time = "2025-04-24T22:06:22.219Z" }
wheels = [
    { url = "https://files.pythonhosted.org/packages/7e/f5/f66802a942d491edb555dd61e3a9961140fd64c90bce1eafd741609d334d/httpcore-1.0.9-py3-none-any.whl", hash = "sha256:2d400746a40668fc9dec9810239072b40b4484b640a8c38fd654a024c7a1bf55", size = 78784, upload-time = "2025-04-24T22:06:20.566Z" },
]

[[package]]
name = "httpx"
version = "0.28.1"
source = { registry = "https://pypi.org/simple" }
dependencies = [
    { name = "anyio" },
    { name = "certifi" },
    { name = "httpcore" },
    { name = "idna" },
]
sdist = { url = "https://files.pythonhosted.org/packages/b1/df/48c586a5fe32a0f01324ee087459e112ebb7224f646c0b5023f5e79e9956/httpx-0.28.1.tar.gz", hash = "sha256:75e98c5f16b0f35b567856f597f06ff2270a374470a5c2392242528e3e3e42fc", size = 141406, upload-time = "2024-12-06T15:37:23.222Z" }
wheels = [
    { url = "https://files.pythonhosted.org/packages/2a/39/e50c7c3a983047577ee07d2a9e53faf5a69493943ec3f6a384bdc792deb2/httpx-0.28.1-py3-none-any.whl", hash = "sha256:d909fcccc110f8c7faf814ca82a9a4d816bc5a6dbfea25d6591d6985b8ba59ad", size = 73517, upload-time = "2024-12-06T15:37:21.509Z" },
]

[package.optional-dependencies]
http2 = [
    { name = "h2" },
]

[[package]]
name = "hyperframe"
version = "6.1.0"
source = { registry = "https://pypi.org/simple" }
sdist = { url = "https://files.pythonhosted.org/packages/02/e7/94f8232d4a74cc99514c13a9f995811485a6903d48e5d952771ef6322e30/hyperframe-6.1.0.tar.gz", hash = "sha256:f630908a00854a7adeabd6382b43923a4c4cd4b821fcb527e6ab9e15382a3b08", size = 26566, upload-time = "2025-01-22T21:41:49.302Z" }
wheels = [
    { url = "https://files.pythonhosted.org/packages/48/30/47d0bf6072f7252e6521f3447ccfa40b421b6824517f82854703d0f5a98b/hyperframe-6.1.0-py3-none-any.whl", hash = "sha256:b03380493a519fce58ea5af42e4a42317bf9bd425596f7a0835ffce80f1a42e5", size = 13007, upload-time = "2025-01-22T21:41:47.295Z" },
]

[[package]]
name = "idna"
version = "3.15"
source = { registry = "https://pypi.org/simple" }
sdist = { url = "https://files.pythonhosted.org/packages/82/77/7b3966d0b9d1d31a36ddf1746926a11dface89a83409bf1483f0237aa758/idna-3.15.tar.gz", hash = "sha256:ca962446ea538f7092a95e057da437618e886f4d349216d2b1e294abfdb65fdc", size = 199245, upload-time = "2026-05-12T22:45:57.011Z" }
wheels = [
    { url = "https://files.pythonhosted.org/packages/d2/23/408243171aa9aaba178d3e2559159c24c1171a641aa83b67bdd3394ead8e/idna-3.15-py3-none-any.whl", hash = "sha256:048adeaf8c2d788c40fee287673ccaa74c24ffd8dcf09ffa555a2fbb59f10ac8", size = 72340, upload-time = "2026-05-12T22:45:55.733Z" },
]

[[package]]
name = "obstore"
version = "0.9.4"
source = { registry = "https://pypi.org/simple" }
sdist = { url = "https://files.pythonhosted.org/packages/d3/7a/3a37b0bf0da898478029fcc511a0d2a7252689b1f29e46db7ae74a219c74/obstore-0.9.4.tar.gz", hash = "sha256:e2b93f1372c59da2c7e74122fc6dc4b713d84fd4528b5b500ef7f548425496b5", size = 124167, upload-time = "2026-04-22T19:51:05.261Z" }
wheels = [
    { url = "https://files.pythonhosted.org/packages/ac/25/4449a0066796b91e282d7604a66387bba399b14752598c748ea9557c4c32/obstore-0.9.4-cp311-abi3-macosx_10_12_x86_64.whl", hash = "sha256:0d17cd04e7f22960050a85f8daa6e274d693e8fb3b97b81eeaa293c6f9e62eb4", size = 4090743, upload-time = "2026-04-22T19:49:26.461Z" },
    { url = "https://files.pythonhosted.org/packages/93/91/639fe5f5644593b9f4bea66f8f29c7bfd4de3b3381fb74b4f7df678f505f/obstore-0.9.4-cp311-abi3-macosx_11_0_arm64.whl", hash = "sha256:d4beec92710fb8826fb357baf28fb79a91ee07dcdfe73777207aa762164aaa35", size = 3876313, upload-time = "2026-04-22T19:49:28.107Z" },
    { url = "https://files.pythonhosted.org/packages/ce/71/d6675f845ebe1e3927f2dce6a2a4d5a393359274762ee00c5e6855d5f468/obstore-0.9.4-cp311-abi3-manylinux_2_17_armv7l.manylinux2014_armv7l.whl", hash = "sha256:d523c8c365ab60afb8d232614a00a92bea439a9f5c55b92486c23a47af038a1e", size = 4029950, upload-time = "2026-04-22T19:49:30.279Z" },
    { url = "https://files.pythonhosted.org/packages/0e/3a/5915a173f5c6a95f9ec186a7e29b0ce6a23bd9b04c2b0b29a351dbe2baf6/obstore-0.9.4-cp311-abi3-manylinux_2_17_i686.manylinux2014_i686.whl", hash = "sha256:ee0483619088337ee365cb344fceee337e2670ec4de2a1da92ac7f6b2220f18e", size = 4129455, upload-time = "2026-04-22T19:49:31.934Z" },
    { url = "https://files.pythonhosted.org/packages/b5/a9/63c31d2d436c06c4d39ed5cb154fe54202b303854532ec09537c4ce0755b/obstore-0.9.4-cp311-abi3-manylinux_2_17_ppc64le.manylinux2014_ppc64le.whl", hash = "sha256:83da348bf0a7dd84e5839c0cd54d79dcd08e0729c394e566f73a605b93b9e998", size = 4416727, upload-time = "2026-04-22T19:49:34.016Z" },
    { url = "https://files.pythonhosted.org/packages/7f/fa/23c5c6db02be0e13abcbe01c1ca94c5f7876e8c58e74cb9ac2b57b068866/obstore-0.9.4-cp311-abi3-manylinux_2_17_s390x.manylinux2014_s390x.whl", hash = "sha256:f282a17200bcc37b8d7a1d02a146ed41812eb6e76fd0a4c9a154f02da1b8031f", size = 4311520, upload-time = "2026-04-22T19:49:35.905Z" },
    { url = "https://files.pythonhosted.org/packages/86/f0/49f6b02dab9c05e3fd79d6129e4d9e7e9874d6e5e05369ca3b3b80a48aaa/obstore-0.9.4-cp311-abi3-manylinux_2_17_x86_64.manylinux2014_x86_64.whl", hash = "sha256:d29dcfceaa0a205ded2263d29a2a3aa206819d549e0325c1f2106f79e2658584", size = 4220536, upload-time = "2026-04-22T19:49:38.343Z" },
    { url = "https://files.pythonhosted.org/packages/50/ab/d0bfd6d68422e7d8f2204d91736c7e62767e0576ad749da442a71e7773b2/obstore-0.9.4-cp311-abi3-manylinux_2_24_aarch64.whl", hash = "sha256:caecb912723ab8e9da8da26def249d66da4318959df2bafc0a55af64f3255902", size = 4105099, upload-time = "2026-04-22T19:49:40.384Z" },
    { url = "https://files.pythonhosted.org/packages/66/3b/f595d0ee354f9daa69438991f8818602f34bc59498c8468456a02d45fb27/obstore-0.9.4-cp311-abi3-musllinux_1_2_aarch64.whl", hash = "sha256:0c1c06fec8837595a2829b5f7536d0d01e940ce10b07ad2a8594fec1cfd0b7d5", size = 4294206, upload-time = "2026-04-22T19:49:42.016Z" },
    { url = "https://files.pythonhosted.org/packages/60/54/3c5af2d59258aaa9e5bef05320658ea6e9b1f3897a3a977bf7f54a0b6ec1/obstore-0.9.4-cp311-abi3-musllinux_1_2_armv7l.whl", hash = "sha256:c132795a789ec5ade31bf4d5b55ed321fb41d9749e9145520bf19063e1da5f7b", size = 4265047, upload-time = "2026-04-22T19:49:43.983Z" },
    { url = "https://files.pythonhosted.org/packages/fb/af/a8ba1feb81b9833b253147839da40405ec6bfa51feb3abfe909c800208a5/obstore-0.9.4-cp311-abi3-musllinux_1_2_i686.whl", hash = "sha256:c6e342360a5d0ae71486bc5f8311778aa144ec1a905c23593f8ef57b5bceae24", size = 4255361, upload-time = "2026-04-22T19:49:45.864Z" },
    { url = "https://files.pythonhosted.org/packages/15/f7/3ccc0288111e057f8ba3d99bee14f95d9e9bb00acaf6e9700e0eb4cd82c3/obstore-0.9.4-cp311-abi3-musllinux_1_2_x86_64.whl", hash = "sha256:aeb6f7e7e862550f5020a10692ef6f02d5ba4912dba08942eb59bb7d73f93fe0", size = 4439378, upload-time = "2026-04-22T19:49:47.581Z" },
    { url = "https://files.pythonhosted.org/packages/c4/b1/3ac8b5772743c60064f3c7e02d27f346dbb58feaa99a49ee09798d1cfb00/obstore-0.9.4-cp311-abi3-win_amd64.whl", hash = "sha256:a58ef942292841f99d69ac11d19d05544c835447c8c09dacbfb7409c6374c4a1", size = 4191594, upload-time = "2026-04-22T19:49:49.308Z" },
    { url = "https://files.pythonhosted.org/packages/9d/81/8f6b6509f8df603261cdb5ddb521c49891457775669c6ad857812bf4a7c1/obstore-0.9.4-cp313-cp313t-macosx_10_12_x86_64.whl", hash = "sha256:fff17f59390ed307afcd1fb18c56076c1f911dd9f5c2636b7d7133c4d07f8c3f", size = 4071300, upload-time = "2026-04-22T19:49:51.386Z" },
    { url = "https://files.pythonhosted.org/packages/ab/fe/0c74ddf3ab9b24ef356925bfb613bc7846f869220361a784b63f754d8563/obstore-0.9.4-cp313-cp313t-macosx_11_0_arm64.whl", hash = "sha256:4527c4c7889f1bd1f1952017d74774870e14e199d6b50b9e72f291f9498d898c", size = 3870593, upload-time = "2026-04-22T19:49:53.481Z" },
    { url = "https://files.pythonhosted.org/packages/73/fa/260ec94f9a7b4f4c8afbdd016710bed0736615488d3ac0c5620f9179bfcd/obstore-0.9.4-cp313-cp313t-manylinux_2_17_armv7l.manylinux2014_armv7l.whl", hash = "sha256:a57c2016e3e569de35050f95c679ffe61813c4e3cb6d6028c4c3f57231021eb4", size = 4023990, upload-time = "2026-04-22T19:49:55.644Z" },
    { url = "https://files.pythonhosted.org/packages/8d/84/5b8e2b9607fb93c96a39a4cfa6d37bd3049ebf7265d0e9f8afa938bf32fe/obstore-0.9.4-cp313-cp313t-manylinux_2_17_i686.manylinux2014_i686.whl", hash = "sha256:bd5327cee4fb3578b51beb1c92915cc3a05ffe794be40f50bd68d27e97d78c5c", size = 4119971, upload-time = "2026-04-22T19:49:57.745Z" },
    { url = "https://files.pythonhosted.org/packages/3c/2b/e6c093acb7e62009d5b1678d82839903287c29d4a6e1dfbea8fbf41313d5/obstore-0.9.4-cp313-cp313t-manylinux_2_17_ppc64le.manylinux2014_ppc64le.whl", hash = "sha256:12b1e6105eafe02d8973dbeb2d274eeac2271c67f1126ffa16f18ddea8dd5443", size = 4407147, upload-time = "2026-04-22T19:49:59.928Z" },
    { url = "https://files.pythonhosted.org/packages/ce/3d/5c93a9adee8f045b89d5f21b337f53667499db770bda129f805723ab14e4/obstore-0.9.4-cp313-cp313t-manylinux_2_17_s390x.manylinux2014_s390x.whl", hash = "sha256:0b0d378248fda4e36652808d73eaaeb7e67154427e6c724248c9b0b9b03e70a6", size = 4312215, upload-time = "2026-04-22T19:50:01.534Z" },
    { url = "https://files.pythonhosted.org/packages/9a/de/507f60b4e6a8c0cad9f93a51a7b28132c9db49e20aadbcd542fa2abc57c4/obstore-0.9.4-cp313-cp313t-manylinux_2_17_x86_64.manylinux2014_x86_64.whl", hash = "sha256:a78fb77c346abd2bcdfa071d7166be2bdc38c28573ae5a230746df6158a5593e", size = 4216936, upload-time = "2026-04-22T19:50:03.244Z" },
    { url = "https://files.pythonhosted.org/packages/7b/ff/612bd5f8258349bfe9e8c349d184b5ea3333038d4cce0d003eefafb2160c/obstore-0.9.4-cp313-cp313t-manylinux_2_24_aarch64.whl", hash = "sha256:f4e5a6dfe6877fb599868d560d6fcf4d7416cadbdf3bd947254b53830c2f11c0", size = 4105091, upload-time = "2026-04-22T19:50:05.038Z" },
    { url = "https://files.pythonhosted.org/packages/e3/73/b083b99e7bc0b529bee7b4437cafd7cc7d9f59c10995a48b6c26447fdf7f/obstore-0.9.4-cp313-cp313t-musllinux_1_2_aarch64.whl", hash = "sha256:f8114a2b84268c991232d89b105d9239299b6afb56e4941a61c09f3a89033022", size = 4292570, upload-time = "2026-04-22T19:50:06.823Z" },
    { url = "https://files.pythonhosted.org/packages/8b/cd/3c4555f98db9a49432bc0afa68bfc33dd47bdfa3699c915b4b0e887577e3/obstore-0.9.4-cp313-cp313t-musllinux_1_2_armv7l.whl", hash = "sha256:9d7b959f5f74532a142fb449c0bef5814dfe3fa5c43c31ac4284a15221a75aaf", size = 4261946, upload-time = "2026-04-22T19:50:08.789Z" },
    { url = "https://files.pythonhosted.org/packages/96/f8/bdc66df3d0dfdcfb3931a585a7fb3b74336619baf6d3540b1425b424232b/obstore-0.9.4-cp313-cp313t-musllinux_1_2_i686.whl", hash = "sha256:a8e9101fc2659dd938e7ae06512075bc0a8f02ab28d2ee438d6fca8b4f3bdfba", size = 4245595, upload-time = "2026-04-22T19:50:10.765Z" },
    { url = "https://files.pythonhosted.org/packages/d7/22/1aa58ea676293e5b888391c8433ff6ab8f66622aae30427287f9daac6d46/obstore-0.9.4-cp313-cp313t-musllinux_1_2_x86_64.whl", hash = "sha256:538384255545b5c575497fcab26389c8f01707402b6ddcdd73b769b66311635d", size = 4436599, upload-time = "2026-04-22T19:50:12.585Z" },
    { url = "https://files.pythonhosted.org/packages/1d/9e/b52f2c97be27952d488cf1980af0c635f9947003e5744e3e1dc6252f0040/obstore-0.9.4-cp313-cp313t-win_amd64.whl", hash = "sha256:eef1c772657bb1293adad0d671ca1ff1e1dcae84ec4dfbf1a34e47c2a1f134ac", size = 4180463, upload-time = "2026-04-22T19:50:14.288Z" },
    { url = "https://files.pythonhosted.org/packages/19/76/c53583f95c6811057abd3116756dca46785318d564a0e99c207cbb2d8938/obstore-0.9.4-cp314-cp314t-macosx_10_12_x86_64.whl", hash = "sha256:e009e7437770c85beae4c32cb79f662f0a9922676ef127e943d107a5c082d38d", size = 4071302, upload-time = "2026-04-22T19:50:15.967Z" },
    { url = "https://files.pythonhosted.org/packages/2f/23/ac3b9c05a09b3d5f178ed6f288c5d6913df8f7386059590194e0fee65d15/obstore-0.9.4-cp314-cp314t-macosx_11_0_arm64.whl", hash = "sha256:ac5f3ad314bd4592fe484b79c229518be7bb5f6218bed33c20742026d5caf860", size = 3870813, upload-time = "2026-04-22T19:50:17.62Z" },
    { url = "https://files.pythonhosted.org/packages/f7/ec/c3458e0f24d2d1a4f185f541905b07e51c91b3fec589b1600c77d511e585/obstore-0.9.4-cp314-cp314t-manylinux_2_17_armv7l.manylinux2014_armv7l.whl", hash = "sha256:db79d5ebc4177360565ffcec4abd49930cf052cdbeb94e3a3ece2e2d08f087d0", size = 4024237, upload-time = "2026-04-22T19:50:19.81Z" },
    { url = "https://files.pythonhosted.org/packages/a7/eb/6cf468a200e491fdc6c04075e2fbbac1707bbecd243f0f56ae1e75d052ed/obstore-0.9.4-cp314-cp314t-manylinux_2_17_i686.manylinux2014_i686.whl", hash = "sha256:05b565d89c3115fb74385852dd628e12f6645a1bba97523dceae016b538a3f33", size = 4119635, upload-time = "2026-04-22T19:50:21.605Z" },
    { url = "https://files.pythonhosted.org/packages/81/fb/b44d002767fa5af95ab4ca8e16c3a9057fc11f13de03f498b99adf0c4e50/obstore-0.9.4-cp314-cp314t-manylinux_2_17_ppc64le.manylinux2014_ppc64le.whl", hash = "sha256:7dfc4fc98403d8fbb316eb04257c8122b6f1dda37e80869491fdacf60a815e4c", size = 4406906, upload-time = "2026-04-22T19:50:23.654Z" },
    { url = "https://files.pythonhosted.org/packages/4b/18/9a75ad5082cd581c4a55f0e62bedf4b030a8b53824976fc1f030eff225b3/obstore-0.9.4-cp314-cp314t-manylinux_2_17_s390x.manylinux2014_s390x.whl", hash = "sha256:c69af620fd3d06a8cfb62d25faf1adb6ccc97cc572f47ee04dddcde5a5e5444e", size = 4311826, upload-time = "2026-04-22T19:50:25.458Z" },
    { url = "https://files.pythonhosted.org/packages/8d/03/b0f945b31f40364a7ed4dbc5677abc66331fcf478732f4d643e17e56bb13/obstore-0.9.4-cp314-cp314t-manylinux_2_17_x86_64.manylinux2014_x86_64.whl", hash = "sha256:fa78c0230e0b9d49b25ed18980e1751331ddfe05782d6ce97579a9ccda8229ea", size = 4217086, upload-time = "2026-04-22T19:50:27.266Z" },
    { url = "https://files.pythonhosted.org/packages/1a/26/bdd85264c806802086f21d73cc7c95a5baca5feeeac4bce8acb97142163f/obstore-0.9.4-cp314-cp314t-manylinux_2_24_aarch64.whl", hash = "sha256:c828719f0bb310a9cf0e0f08cb62a0b8cc550138617cb03ac897900aec9d3d47", size = 4105560, upload-time = "2026-04-22T19:50:29.324Z" },
    { url = "https://files.pythonhosted.org/packages/6a/36/4a4a6a398e5f145edd1886388ebe5e6f6bbaf74950a5dea1a6ceae63e6b5/obstore-0.9.4-cp314-cp314t-musllinux_1_2_aarch64.whl", hash = "sha256:49a0455519f284b6bc2e0694298114926aff1d1f3d5d344e9163e03b446826cc", size = 4292582, upload-time = "2026-04-22T19:50:31.028Z" },
    { url = "https://files.pythonhosted.org/packages/39/4c/9caa197cd2eba726e9a5285db34027049b9527a23e1a7e08479678ad6a4a/obstore-0.9.4-cp314-cp314t-musllinux_1_2_armv7l.whl", hash = "sha256:cf437309fc0fe852591ae50405300490229f876ea06574651fd753ca3fd23f25", size = 4261613, upload-time = "2026-04-22T19:50:32.868Z" },
    { url = "https://files.pythonhosted.org/packages/b8/94/a3fbe6fb3ee1c57fd4943ddbb21848eea3925b77e0789614c857d86b795e/obstore-0.9.4-cp314-cp314t-musllinux_1_2_i686.whl", hash = "sha256:d83dbd20b6a5d42e35794ef64046de39040854829ec4f1eb2f6dfb54df48cc3d", size = 4245638, upload-time = "2026-04-22T19:50:35.009Z" },
    { url = "https://files.pythonhosted.org/packages/56/a7/d18e168f318327d63512dfa7cf3b5e89ed9bfba6d6a8917ad7d4700b8657/obstore-0.9.4-cp314-cp314t-musllinux_1_2_x86_64.whl", hash = "sha256:5a0c337f37f30a2d66555d69bf3abd840457a279c57ede93bd02e014721ed364", size = 4437226, upload-time = "2026-04-22T19:50:36.635Z" },
    { url = "https://files.pythonhosted.org/packages/f4/ce/66aadd155db1e273c6ec2236c0fb904666d10c2e3b791b40624c272e586c/obstore-0.9.4-cp314-cp314t-win_amd64.whl", hash = "sha256:24e37a1c713c95a964e119f8ef879415a495432162e74e80ed29d645aeeca114", size = 4180746, upload-time = "2026-04-22T19:50:38.396Z" },
]

[[package]]
name = "psutil"
version = "7.2.2"
source = { registry = "https://pypi.org/simple" }
sdist = { url = "https://files.pythonhosted.org/packages/aa/c6/d1ddf4abb55e93cebc4f2ed8b5d6dbad109ecb8d63748dd2b20ab5e57ebe/psutil-7.2.2.tar.gz", hash = "sha256:0746f5f8d406af344fd547f1c8daa5f5c33dbc293bb8d6a16d80b4bb88f59372", size = 493740, upload-time = "2026-01-28T18:14:54.428Z" }
wheels = [
    { url = "https://files.pythonhosted.org/packages/51/08/510cbdb69c25a96f4ae523f733cdc963ae654904e8db864c07585ef99875/psutil-7.2.2-cp313-cp313t-macosx_10_13_x86_64.whl", hash = "sha256:2edccc433cbfa046b980b0df0171cd25bcaeb3a68fe9022db0979e7aa74a826b", size = 130595, upload-time = "2026-01-28T18:14:57.293Z" },
    { url = "https://files.pythonhosted.org/packages/d6/f5/97baea3fe7a5a9af7436301f85490905379b1c6f2dd51fe3ecf24b4c5fbf/psutil-7.2.2-cp313-cp313t-macosx_11_0_arm64.whl", hash = "sha256:e78c8603dcd9a04c7364f1a3e670cea95d51ee865e4efb3556a3a63adef958ea", size = 131082, upload-time = "2026-01-28T18:14:59.732Z" },
    { url = "https://files.pythonhosted.org/packages/37/d6/246513fbf9fa174af531f28412297dd05241d97a75911ac8febefa1a53c6/psutil-7.2.2-cp313-cp313t-manylinux2010_x86_64.manylinux_2_12_x86_64.manylinux_2_28_x86_64.whl", hash = "sha256:1a571f2330c966c62aeda00dd24620425d4b0cc86881c89861fbc04549e5dc63", size = 181476, upload-time = "2026-01-28T18:15:01.884Z" },
    { url = "https://files.pythonhosted.org/packages/b8/b5/9182c9af3836cca61696dabe4fd1304e17bc56cb62f17439e1154f225dd3/psutil-7.2.2-cp313-cp313t-manylinux2014_aarch64.manylinux_2_17_aarch64.manylinux_2_28_aarch64.whl", hash = "sha256:917e891983ca3c1887b4ef36447b1e0873e70c933afc831c6b6da078ba474312", size = 184062, upload-time = "2026-01-28T18:15:04.436Z" },
    { url = "https://files.pythonhosted.org/packages/16/ba/0756dca669f5a9300d0cbcbfae9a4c30e446dfc7440ffe43ded5724bfd93/psutil-7.2.2-cp313-cp313t-win_amd64.whl", hash = "sha256:ab486563df44c17f5173621c7b198955bd6b613fb87c71c161f827d3fb149a9b", size = 139893, upload-time = "2026-01-28T18:15:06.378Z" },
    { url = "https://files.pythonhosted.org/packages/1c/61/8fa0e26f33623b49949346de05ec1ddaad02ed8ba64af45f40a147dbfa97/psutil-7.2.2-cp313-cp313t-win_arm64.whl", hash = "sha256:ae0aefdd8796a7737eccea863f80f81e468a1e4cf14d926bd9b6f5f2d5f90ca9", size = 135589, upload-time = "2026-01-28T18:15:08.03Z" },
    { url = "https://files.pythonhosted.org/packages/81/69/ef179ab5ca24f32acc1dac0c247fd6a13b501fd5534dbae0e05a1c48b66d/psutil-7.2.2-cp314-cp314t-macosx_10_15_x86_64.whl", hash = "sha256:eed63d3b4d62449571547b60578c5b2c4bcccc5387148db46e0c2313dad0ee00", size = 130664, upload-time = "2026-01-28T18:15:09.469Z" },
    { url = "https://files.pythonhosted.org/packages/7b/64/665248b557a236d3fa9efc378d60d95ef56dd0a490c2cd37dafc7660d4a9/psutil-7.2.2-cp314-cp314t-macosx_11_0_arm64.whl", hash = "sha256:7b6d09433a10592ce39b13d7be5a54fbac1d1228ed29abc880fb23df7cb694c9", size = 131087, upload-time = "2026-01-28T18:15:11.724Z" },
    { url = "https://files.pythonhosted.org/packages/d5/2e/e6782744700d6759ebce3043dcfa661fb61e2fb752b91cdeae9af12c2178/psutil-7.2.2-cp314-cp314t-manylinux2010_x86_64.manylinux_2_12_x86_64.manylinux_2_28_x86_64.whl", hash = "sha256:1fa4ecf83bcdf6e6c8f4449aff98eefb5d0604bf88cb883d7da3d8d2d909546a", size = 182383, upload-time = "2026-01-28T18:15:13.445Z" },
    { url = "https://files.pythonhosted.org/packages/57/49/0a41cefd10cb7505cdc04dab3eacf24c0c2cb158a998b8c7b1d27ee2c1f5/psutil-7.2.2-cp314-cp314t-manylinux2014_aarch64.manylinux_2_17_aarch64.manylinux_2_28_aarch64.whl", hash = "sha256:e452c464a02e7dc7822a05d25db4cde564444a67e58539a00f929c51eddda0cf", size = 185210, upload-time = "2026-01-28T18:15:16.002Z" },
    { url = "https://files.pythonhosted.org/packages/dd/2c/ff9bfb544f283ba5f83ba725a3c5fec6d6b10b8f27ac1dc641c473dc390d/psutil-7.2.2-cp314-cp314t-win_amd64.whl", hash = "sha256:c7663d4e37f13e884d13994247449e9f8f574bc4655d509c3b95e9ec9e2b9dc1", size = 141228, upload-time = "2026-01-28T18:15:18.385Z" },
    { url = "https://files.pythonhosted.org/packages/f2/fc/f8d9c31db14fcec13748d373e668bc3bed94d9077dbc17fb0eebc073233c/psutil-7.2.2-cp314-cp314t-win_arm64.whl", hash = "sha256:11fe5a4f613759764e79c65cf11ebdf26e33d6dd34336f8a337aa2996d71c841", size = 136284, upload-time = "2026-01-28T18:15:19.912Z" },
    { url = "https://files.pythonhosted.org/packages/e7/36/5ee6e05c9bd427237b11b3937ad82bb8ad2752d72c6969314590dd0c2f6e/psutil-7.2.2-cp36-abi3-macosx_10_9_x86_64.whl", hash = "sha256:ed0cace939114f62738d808fdcecd4c869222507e266e574799e9c0faa17d486", size = 129090, upload-time = "2026-01-28T18:15:22.168Z" },
    { url = "https://files.pythonhosted.org/packages/80/c4/f5af4c1ca8c1eeb2e92ccca14ce8effdeec651d5ab6053c589b074eda6e1/psutil-7.2.2-cp36-abi3-macosx_11_0_arm64.whl", hash = "sha256:1a7b04c10f32cc88ab39cbf606e117fd74721c831c98a27dc04578deb0c16979", size = 129859, upload-time = "2026-01-28T18:15:23.795Z" },
    { url = "https://files.pythonhosted.org/packages/b5/70/5d8df3b09e25bce090399cf48e452d25c935ab72dad19406c77f4e828045/psutil-7.2.2-cp36-abi3-manylinux2010_x86_64.manylinux_2_12_x86_64.manylinux_2_28_x86_64.whl", hash = "sha256:076a2d2f923fd4821644f5ba89f059523da90dc9014e85f8e45a5774ca5bc6f9", size = 155560, upload-time = "2026-01-28T18:15:25.976Z" },
    { url = "https://files.pythonhosted.org/packages/63/65/37648c0c158dc222aba51c089eb3bdfa238e621674dc42d48706e639204f/psutil-7.2.2-cp36-abi3-manylinux2014_aarch64.manylinux_2_17_aarch64.manylinux_2_28_aarch64.whl", hash = "sha256:b0726cecd84f9474419d67252add4ac0cd9811b04d61123054b9fb6f57df6e9e", size = 156997, upload-time = "2026-01-28T18:15:27.794Z" },
    { url = "https://files.pythonhosted.org/packages/8e/13/125093eadae863ce03c6ffdbae9929430d116a246ef69866dad94da3bfbc/psutil-7.2.2-cp36-abi3-musllinux_1_2_aarch64.whl", hash = "sha256:fd04ef36b4a6d599bbdb225dd1d3f51e00105f6d48a28f006da7f9822f2606d8", size = 148972, upload-time = "2026-01-28T18:15:29.342Z" },
    { url = "https://files.pythonhosted.org/packages/04/78/0acd37ca84ce3ddffaa92ef0f571e073faa6d8ff1f0559ab1272188ea2be/psutil-7.2.2-cp36-abi3-musllinux_1_2_x86_64.whl", hash = "sha256:b58fabe35e80b264a4e3bb23e6b96f9e45a3df7fb7eed419ac0e5947c61e47cc", size = 148266, upload-time = "2026-01-28T18:15:31.597Z" },
    { url = "https://files.pythonhosted.org/packages/b4/90/e2159492b5426be0c1fef7acba807a03511f97c5f86b3caeda6ad92351a7/psutil-7.2.2-cp37-abi3-win_amd64.whl", hash = "sha256:eb7e81434c8d223ec4a219b5fc1c47d0417b12be7ea866e24fb5ad6e84b3d988", size = 137737, upload-time = "2026-01-28T18:15:33.849Z" },
    { url = "https://files.pythonhosted.org/packages/8c/c7/7bb2e321574b10df20cbde462a94e2b71d05f9bbda251ef27d104668306a/psutil-7.2.2-cp37-abi3-win_arm64.whl", hash = "sha256:8c233660f575a5a89e6d4cb65d9f938126312bca76d8fe087b947b3a1aaac9ee", size = 134617, upload-time = "2026-01-28T18:15:36.514Z" },
]

[[package]]
name = "python-dotenv"
version = "1.2.2"
source = { registry = "https://pypi.org/simple" }
sdist = { url = "https://files.pythonhosted.org/packages/82/ed/0301aeeac3e5353ef3d94b6ec08bbcabd04a72018415dcb29e588514bba8/python_dotenv-1.2.2.tar.gz", hash = "sha256:2c371a91fbd7ba082c2c1dc1f8bf89ca22564a087c2c287cd9b662adde799cf3", size = 50135, upload-time = "2026-03-01T16:00:26.196Z" }
wheels = [
    { url = "https://files.pythonhosted.org/packages/0b/d7/1959b9648791274998a9c3526f6d0ec8fd2233e4d4acce81bbae76b44b2a/python_dotenv-1.2.2-py3-none-any.whl", hash = "sha256:1d8214789a24de455a8b8bd8ae6fe3c6b69a5e3d64aa8a8e5d68e694bbcb285a", size = 22101, upload-time = "2026-03-01T16:00:25.09Z" },
]

[[package]]
name = "ruff"
version = "0.15.13"
source = { registry = "https://pypi.org/simple" }
sdist = { url = "https://files.pythonhosted.org/packages/24/21/a7d5c126d5b557715ef81098f3db2fe20f622a039ff2e626af28d674ab80/ruff-0.15.13.tar.gz", hash = "sha256:f9d89f17f7ba7fb2ed42921f0df75da797a9a5d71bc39049e2c687cf2baf44b7", size = 4678180, upload-time = "2026-05-14T13:44:37.869Z" }
wheels = [
    { url = "https://files.pythonhosted.org/packages/c6/61/11d458dc6ac22504fd8e237b29dfd40504c7fbbcc8930402cfe51a8e63ed/ruff-0.15.13-py3-none-linux_armv6l.whl", hash = "sha256:444b580fc72fd6887e650acd3e575e18cdc79dbcf42fb4030b491057921f61f8", size = 10738279, upload-time = "2026-05-14T13:44:18.7Z" },
    { url = "https://files.pythonhosted.org/packages/86/ca/caa871ee7be718c45256fada4e16a218ee3e33f0c4a46b729a60a24912e6/ruff-0.15.13-py3-none-macosx_10_12_x86_64.whl", hash = "sha256:6590d009e7cb7ebf36f83dbdd44a3fa48a0994ff6f1cdc1b08006abe58f98dc7", size = 11124798, upload-time = "2026-05-14T13:44:06.427Z" },
    { url = "https://files.pythonhosted.org/packages/d3/19/43f5f2e568dddde567fc41f8471f9432c09563e19d3e617a48cfa52f8f0a/ruff-0.15.13-py3-none-macosx_11_0_arm64.whl", hash = "sha256:1c26d2f66163deeb6e08d8b39fbbe983ce3c71cea06a6d7591cfd1421793c629", size = 10460761, upload-time = "2026-05-14T13:44:04.375Z" },
    { url = "https://files.pythonhosted.org/packages/99/df/cf938cd6de3003178f03ad7c1ea2a6c099468c03a35037985070b37e76be/ruff-0.15.13-py3-none-manylinux_2_17_aarch64.manylinux2014_aarch64.whl", hash = "sha256:9dbd6f94b434f896308e4d57fb7bfde0d02b99f7a64b3bdab0fdfa6a864203a5", size = 10804451, upload-time = "2026-05-14T13:44:25.221Z" },
    { url = "https://files.pythonhosted.org/packages/c7/7d/5d0973129b154ded2225729169d7068f26b467760b146493fde138415f23/ruff-0.15.13-py3-none-manylinux_2_17_armv7l.manylinux2014_armv7l.whl", hash = "sha256:bf3259f3be4d181bda591da5db2571aed6853c6a048157756448020bc6c5cd22", size = 10534285, upload-time = "2026-05-14T13:44:08.888Z" },
    { url = "https://files.pythonhosted.org/packages/1f/e3/6b999bbc66cd51e5f073842bc2a3995e99c5e0e72e16b15e7261f7abf57a/ruff-0.15.13-py3-none-manylinux_2_17_i686.manylinux2014_i686.whl", hash = "sha256:ae9c17e5eb4430c154e76abc25d79a318190f5a997f38fb6b114416c5319ffc9", size = 11312063, upload-time = "2026-05-14T13:44:11.274Z" },
    { url = "https://files.pythonhosted.org/packages/af/5a/642639e9f5db04f1e97fbd6e091c6fd20725bdf072fb114d00eefb9e6eb8/ruff-0.15.13-py3-none-manylinux_2_17_ppc64le.manylinux2014_ppc64le.whl", hash = "sha256:2e2e39bff6c341f4b577a21b801326fab0b11847f48fcaa83f00a113c9b3cb55", size = 12183079, upload-time = "2026-05-14T13:44:01.634Z" },
    { url = "https://files.pythonhosted.org/packages/19/4c/7585735f6b53b0f12de13618b2f7d250a844f018822efc899df2e7b8295f/ruff-0.15.13-py3-none-manylinux_2_17_s390x.manylinux2014_s390x.whl", hash = "sha256:e8d9a8e08013542e94d3220bc5b62cc3e5ef87c5f74bff367d3fac14fab013e6", size = 11440833, upload-time = "2026-05-14T13:43:59.043Z" },
    { url = "https://files.pythonhosted.org/packages/e8/31/bf1a0803d077e679cfeee5f2f67290a0fa79c7385b5d9a8c17b9db2c48f0/ruff-0.15.13-py3-none-manylinux_2_17_x86_64.manylinux2014_x86_64.whl", hash = "sha256:cc411dfebe5eebe55ce041c6ae080eb7668955e866daa2fbb16692a784f1c4ca", size = 11434486, upload-time = "2026-05-14T13:44:27.761Z" },
    { url = "https://files.pythonhosted.org/packages/e1/4e/62c9b999875d4f14db80f277c030578f5e249c9852d65b7ac7ad0b43c041/ruff-0.15.13-py3-none-manylinux_2_31_riscv64.whl", hash = "sha256:768494eb08b9cee54e2fd27969966f74db5a57f6eaa7a90fcb3306af34dfc4bd", size = 11385189, upload-time = "2026-05-14T13:44:13.704Z" },
    { url = "https://files.pythonhosted.org/packages/fc/89/7e959047a104df3eb12863447c110140191fc5b6c4f379ea2e803fcdb0e4/ruff-0.15.13-py3-none-musllinux_1_2_aarch64.whl", hash = "sha256:fb75f9a3a7e42ffe117d734494e6c5e5cb3565d66e12612cb63d0e572a41a5b6", size = 10781380, upload-time = "2026-05-14T13:43:56.734Z" },
    { url = "https://files.pythonhosted.org/packages/ff/52/5fd18f3b88cab63e88aa11516b3b4e1e5f720e5c330f8dbe5c26210f41f8/ruff-0.15.13-py3-none-musllinux_1_2_armv7l.whl", hash = "sha256:8cb74dd33bb2f6613faf7fc03b660053b5ac4f80e706d5788c6335e2a8048d51", size = 10540605, upload-time = "2026-05-14T13:44:20.748Z" },
    { url = "https://files.pythonhosted.org/packages/e8/e0/9e35f338990d3e41a82875ff7053ffe97541dae81c9d02143177f381d572/ruff-0.15.13-py3-none-musllinux_1_2_i686.whl", hash = "sha256:7ef823f817fcd191dc934e984be9cf4094f808effa16f2542ad8e821ba02bbf2", size = 11036554, upload-time = "2026-05-14T13:44:16.256Z" },
    { url = "https://files.pythonhosted.org/packages/c2/13/070fb048c24080fba188f66371e2a92785be257ad02242066dc7255ac6e9/ruff-0.15.13-py3-none-musllinux_1_2_x86_64.whl", hash = "sha256:f345a13937bd7f09f6f5d19fa0721b0c103e00e7f62bc67089a8e5e037719e0b", size = 11528133, upload-time = "2026-05-14T13:44:22.808Z" },
    { url = "https://files.pythonhosted.org/packages/6b/8c/b1e1666aef7fc6555094d73ae6cd981701781ae85b97ceefc0eebd0b4668/ruff-0.15.13-py3-none-win32.whl", hash = "sha256:4044f94208b3b05ba0fc4a4abd0558cf4d6459bd18325eead7fd8cc66f909b41", size = 10721455, upload-time = "2026-05-14T13:44:35.697Z" },
    { url = "https://files.pythonhosted.org/packages/ab/a6/870a3e8a50590bb92be184ad928c2922f088b00d9dc5c5ec7b924ee08c22/ruff-0.15.13-py3-none-win_amd64.whl", hash = "sha256:7064884d442b7d477b4e7473d12da7f08851d2b1982763c5d3f388a19468a1a4", size = 11900409, upload-time = "2026-05-14T13:44:30.389Z" },
    { url = "https://files.pythonhosted.org/packages/9b/36/9c015cd052fca743dae8cb2aeb16b551444787467db42ceab0fc968865af/ruff-0.15.13-py3-none-win_arm64.whl", hash = "sha256:2471da9bd1068c8c064b5fd9c0c4b6dddffd6369cb1cd68b29993b1709ff1b21", size = 11179336, upload-time = "2026-05-14T13:44:33.026Z" },
]
